// !$*UTF8*$!
{
	archiveVersion = 1;
	classes = {
	};
	objectVersion = 46;
	objects = {

/* Begin PBXBuildFile section */
		1AC6FB21180E996B004C840B /* libcocos2d Mac.a in Frameworks */ = {isa = PBXBuildFile; fileRef = 1AC6FAF9180E9839004C840B /* libcocos2d Mac.a */; };
		1AC6FB30180E99EB004C840B /* libcocos2d iOS.a in Frameworks */ = {isa = PBXBuildFile; fileRef = 1AC6FB07180E9839004C840B /* libcocos2d iOS.a */; };
		1D60589F0D05DD5A006BFB54 /* Foundation.framework in Frameworks */ = {isa = PBXBuildFile; fileRef = 1D30AB110D05D00D00671497 /* Foundation.framework */; };
		1DF5F4E00D08C38300B7A737 /* UIKit.framework in Frameworks */ = {isa = PBXBuildFile; fileRef = 1DF5F4DF0D08C38300B7A737 /* UIKit.framework */; };
		288765A50DF7441C002DB57D /* CoreGraphics.framework in Frameworks */ = {isa = PBXBuildFile; fileRef = 288765A40DF7441C002DB57D /* CoreGraphics.framework */; };
		3EACC98F19EE6D4300EB3C5E /* res in Resources */ = {isa = PBXBuildFile; fileRef = 3EACC98E19EE6D4300EB3C5E /* res */; };
		3EACC99019EE6D4300EB3C5E /* res in Resources */ = {isa = PBXBuildFile; fileRef = 3EACC98E19EE6D4300EB3C5E /* res */; };
		46880B8119C43A67006E1F66 /* HelloWorld.png in Resources */ = {isa = PBXBuildFile; fileRef = 46880B7A19C43A67006E1F66 /* HelloWorld.png */; };
		46880B8219C43A67006E1F66 /* HelloWorld.png in Resources */ = {isa = PBXBuildFile; fileRef = 46880B7A19C43A67006E1F66 /* HelloWorld.png */; };
		46880B8819C43A87006E1F66 /* AppDelegate.cpp in Sources */ = {isa = PBXBuildFile; fileRef = 46880B8419C43A87006E1F66 /* AppDelegate.cpp */; };
		46880B8919C43A87006E1F66 /* AppDelegate.cpp in Sources */ = {isa = PBXBuildFile; fileRef = 46880B8419C43A87006E1F66 /* AppDelegate.cpp */; };
		503AE0F817EB97AB00D1A890 /* Icon.icns in Resources */ = {isa = PBXBuildFile; fileRef = 503AE0F617EB97AB00D1A890 /* Icon.icns */; };
		503AE10017EB989F00D1A890 /* AppController.mm in Sources */ = {isa = PBXBuildFile; fileRef = 503AE0FB17EB989F00D1A890 /* AppController.mm */; };
		503AE10117EB989F00D1A890 /* main.m in Sources */ = {isa = PBXBuildFile; fileRef = 503AE0FC17EB989F00D1A890 /* main.m */; };
		503AE10217EB989F00D1A890 /* RootViewController.mm in Sources */ = {isa = PBXBuildFile; fileRef = 503AE0FF17EB989F00D1A890 /* RootViewController.mm */; };
		503AE10517EB98FF00D1A890 /* main.cpp in Sources */ = {isa = PBXBuildFile; fileRef = 503AE10317EB98FF00D1A890 /* main.cpp */; };
		503AE11217EB99EE00D1A890 /* libcurl.dylib in Frameworks */ = {isa = PBXBuildFile; fileRef = 503AE11117EB99EE00D1A890 /* libcurl.dylib */; };
		503AE11B17EB9C5A00D1A890 /* IOKit.framework in Frameworks */ = {isa = PBXBuildFile; fileRef = 503AE11A17EB9C5A00D1A890 /* IOKit.framework */; };
		5087E76317EB910900C73F5D /* Foundation.framework in Frameworks */ = {isa = PBXBuildFile; fileRef = 1D30AB110D05D00D00671497 /* Foundation.framework */; };
		5087E76717EB910900C73F5D /* libz.dylib in Frameworks */ = {isa = PBXBuildFile; fileRef = BF170DB412928DE900B8313A /* libz.dylib */; };
		5087E76817EB910900C73F5D /* QuartzCore.framework in Frameworks */ = {isa = PBXBuildFile; fileRef = BF1C47EA1293683800B63C5D /* QuartzCore.framework */; };
		5087E76917EB910900C73F5D /* OpenAL.framework in Frameworks */ = {isa = PBXBuildFile; fileRef = D44C620B132DFF330009C878 /* OpenAL.framework */; };
		5087E76A17EB910900C73F5D /* AVFoundation.framework in Frameworks */ = {isa = PBXBuildFile; fileRef = D44C620D132DFF430009C878 /* AVFoundation.framework */; };
		5087E76B17EB910900C73F5D /* AudioToolbox.framework in Frameworks */ = {isa = PBXBuildFile; fileRef = D44C620F132DFF4E0009C878 /* AudioToolbox.framework */; };
		5087E77D17EB970100C73F5D /* Default-568h@2x.png in Resources */ = {isa = PBXBuildFile; fileRef = 5087E77217EB970100C73F5D /* Default-568h@2x.png */; };
		5087E77E17EB970100C73F5D /* Default.png in Resources */ = {isa = PBXBuildFile; fileRef = 5087E77317EB970100C73F5D /* Default.png */; };
		5087E77F17EB970100C73F5D /* Default@2x.png in Resources */ = {isa = PBXBuildFile; fileRef = 5087E77417EB970100C73F5D /* Default@2x.png */; };
		5087E78017EB970100C73F5D /* Icon-114.png in Resources */ = {isa = PBXBuildFile; fileRef = 5087E77517EB970100C73F5D /* Icon-114.png */; };
		5087E78117EB970100C73F5D /* Icon-120.png in Resources */ = {isa = PBXBuildFile; fileRef = 5087E77617EB970100C73F5D /* Icon-120.png */; };
		5087E78217EB970100C73F5D /* Icon-144.png in Resources */ = {isa = PBXBuildFile; fileRef = 5087E77717EB970100C73F5D /* Icon-144.png */; };
		5087E78317EB970100C73F5D /* Icon-152.png in Resources */ = {isa = PBXBuildFile; fileRef = 5087E77817EB970100C73F5D /* Icon-152.png */; };
		5087E78417EB970100C73F5D /* Icon-57.png in Resources */ = {isa = PBXBuildFile; fileRef = 5087E77917EB970100C73F5D /* Icon-57.png */; };
		5087E78517EB970100C73F5D /* Icon-72.png in Resources */ = {isa = PBXBuildFile; fileRef = 5087E77A17EB970100C73F5D /* Icon-72.png */; };
		5087E78617EB970100C73F5D /* Icon-76.png in Resources */ = {isa = PBXBuildFile; fileRef = 5087E77B17EB970100C73F5D /* Icon-76.png */; };
		5087E78917EB974C00C73F5D /* AppKit.framework in Frameworks */ = {isa = PBXBuildFile; fileRef = 5087E78817EB974C00C73F5D /* AppKit.framework */; };
		5087E78B17EB975400C73F5D /* OpenGL.framework in Frameworks */ = {isa = PBXBuildFile; fileRef = 5087E78A17EB975400C73F5D /* OpenGL.framework */; };
		50EF629617ECD46A001EB2F8 /* Icon-40.png in Resources */ = {isa = PBXBuildFile; fileRef = 50EF629217ECD46A001EB2F8 /* Icon-40.png */; };
		50EF629717ECD46A001EB2F8 /* Icon-58.png in Resources */ = {isa = PBXBuildFile; fileRef = 50EF629317ECD46A001EB2F8 /* Icon-58.png */; };
		50EF629817ECD46A001EB2F8 /* Icon-80.png in Resources */ = {isa = PBXBuildFile; fileRef = 50EF629417ECD46A001EB2F8 /* Icon-80.png */; };
		50EF629917ECD46A001EB2F8 /* Icon-100.png in Resources */ = {isa = PBXBuildFile; fileRef = 50EF629517ECD46A001EB2F8 /* Icon-100.png */; };
		50EF62A217ECD613001EB2F8 /* Icon-29.png in Resources */ = {isa = PBXBuildFile; fileRef = 50EF62A017ECD613001EB2F8 /* Icon-29.png */; };
		50EF62A317ECD613001EB2F8 /* Icon-50.png in Resources */ = {isa = PBXBuildFile; fileRef = 50EF62A117ECD613001EB2F8 /* Icon-50.png */; };
		521A8E6419F0C34300D177D7 /* Default-667h@2x.png in Resources */ = {isa = PBXBuildFile; fileRef = 521A8E6219F0C34300D177D7 /* Default-667h@2x.png */; };
		521A8E6519F0C34300D177D7 /* Default-736h@3x.png in Resources */ = {isa = PBXBuildFile; fileRef = 521A8E6319F0C34300D177D7 /* Default-736h@3x.png */; };
		954290CB1AC627F6003CE0E1 /* FailedScene.cpp in Sources */ = {isa = PBXBuildFile; fileRef = 954290C91AC627F6003CE0E1 /* FailedScene.cpp */; };
		954290CE1AC628B2003CE0E1 /* LevelLayer.cpp in Sources */ = {isa = PBXBuildFile; fileRef = 954290CC1AC628B2003CE0E1 /* LevelLayer.cpp */; };
		954290D11AC62918003CE0E1 /* LevelScene.cpp in Sources */ = {isa = PBXBuildFile; fileRef = 954290CF1AC62918003CE0E1 /* LevelScene.cpp */; };
		954290D41AC6296E003CE0E1 /* LevelSelectPage.cpp in Sources */ = {isa = PBXBuildFile; fileRef = 954290D21AC6296E003CE0E1 /* LevelSelectPage.cpp */; };
		954290D71AC629F6003CE0E1 /* LoadingResScene.cpp in Sources */ = {isa = PBXBuildFile; fileRef = 954290D51AC629F6003CE0E1 /* LoadingResScene.cpp */; };
		954290DA1AC62A3E003CE0E1 /* SuccessfulScene.cpp in Sources */ = {isa = PBXBuildFile; fileRef = 954290D81AC62A3E003CE0E1 /* SuccessfulScene.cpp */; };
		954290DD1AC62A90003CE0E1 /* UIScene.cpp in Sources */ = {isa = PBXBuildFile; fileRef = 954290DB1AC62A90003CE0E1 /* UIScene.cpp */; };
		954290E01AC62AEE003CE0E1 /* LevelInfoScene.cpp in Sources */ = {isa = PBXBuildFile; fileRef = 954290DE1AC62AEE003CE0E1 /* LevelInfoScene.cpp */; };
		9542911C1AC645AD003CE0E1 /* btn_back_press.png in Resources */ = {isa = PBXBuildFile; fileRef = 954290E21AC645AD003CE0E1 /* btn_back_press.png */; };
		9542911D1AC645AD003CE0E1 /* btn_back.png in Resources */ = {isa = PBXBuildFile; fileRef = 954290E31AC645AD003CE0E1 /* btn_back.png */; };
		9542911E1AC645AD003CE0E1 /* button.plist in Resources */ = {isa = PBXBuildFile; fileRef = 954290E41AC645AD003CE0E1 /* button.plist */; };
		954291201AC645AD003CE0E1 /* card_1.png in Resources */ = {isa = PBXBuildFile; fileRef = 954290E61AC645AD003CE0E1 /* card_1.png */; };
		954291211AC645AD003CE0E1 /* card_2.png in Resources */ = {isa = PBXBuildFile; fileRef = 954290E71AC645AD003CE0E1 /* card_2.png */; };
		954291221AC645AD003CE0E1 /* card_3.png in Resources */ = {isa = PBXBuildFile; fileRef = 954290E81AC645AD003CE0E1 /* card_3.png */; };
		954291231AC645AD003CE0E1 /* changjing.plist in Resources */ = {isa = PBXBuildFile; fileRef = 954290E91AC645AD003CE0E1 /* changjing.plist */; };
		954291251AC645AD003CE0E1 /* failedBg.jpg in Resources */ = {isa = PBXBuildFile; fileRef = 954290EB1AC645AD003CE0E1 /* failedBg.jpg */; };
		9542912B1AC645AD003CE0E1 /* House.png in Resources */ = {isa = PBXBuildFile; fileRef = 954290F21AC645AD003CE0E1 /* House.png */; };
		9542912C1AC645AD003CE0E1 /* levelInfo_0.plist in Resources */ = {isa = PBXBuildFile; fileRef = 954290F31AC645AD003CE0E1 /* levelInfo_0.plist */; };
		9542912E1AC645AD003CE0E1 /* levelInfo_1.plist in Resources */ = {isa = PBXBuildFile; fileRef = 954290F51AC645AD003CE0E1 /* levelInfo_1.plist */; };
		9542912F1AC645AD003CE0E1 /* levelInfo_2.plist in Resources */ = {isa = PBXBuildFile; fileRef = 954290F61AC645AD003CE0E1 /* levelInfo_2.plist */; };
		954291301AC645AD003CE0E1 /* levelInfo_3.plist in Resources */ = {isa = PBXBuildFile; fileRef = 954290F71AC645AD003CE0E1 /* levelInfo_3.plist */; };
		954291311AC645AD003CE0E1 /* LevelInfoPanel.png in Resources */ = {isa = PBXBuildFile; fileRef = 954290F81AC645AD003CE0E1 /* LevelInfoPanel.png */; };
		954291321AC645AD003CE0E1 /* load.png in Resources */ = {isa = PBXBuildFile; fileRef = 954290F91AC645AD003CE0E1 /* load.png */; };
		954291331AC645AD003CE0E1 /* loadBar.png in Resources */ = {isa = PBXBuildFile; fileRef = 954290FA1AC645AD003CE0E1 /* loadBar.png */; };
		954291341AC645AD003CE0E1 /* map.tmx in Resources */ = {isa = PBXBuildFile; fileRef = 954290FB1AC645AD003CE0E1 /* map.tmx */; };
		954291371AC645AD003CE0E1 /* particleTexture.png in Resources */ = {isa = PBXBuildFile; fileRef = 954290FE1AC645AD003CE0E1 /* particleTexture.png */; };
		954291381AC645AD003CE0E1 /* Play1.plist in Resources */ = {isa = PBXBuildFile; fileRef = 954290FF1AC645AD003CE0E1 /* Play1.plist */; };
		954291391AC645AD003CE0E1 /* Play.png in Resources */ = {isa = PBXBuildFile; fileRef = 954291001AC645AD003CE0E1 /* Play.png */; };
		9542913A1AC645AD003CE0E1 /* playbg.png in Resources */ = {isa = PBXBuildFile; fileRef = 954291011AC645AD003CE0E1 /* playbg.png */; };
		9542913C1AC645AD003CE0E1 /* selectLevelBg.png in Resources */ = {isa = PBXBuildFile; fileRef = 954291031AC645AD003CE0E1 /* selectLevelBg.png */; };
		9542913D1AC645AD003CE0E1 /* selectLevelBg1.png in Resources */ = {isa = PBXBuildFile; fileRef = 954291041AC645AD003CE0E1 /* selectLevelBg1.png */; };
		9542913E1AC645AD003CE0E1 /* selectLevelBg2.png in Resources */ = {isa = PBXBuildFile; fileRef = 954291051AC645AD003CE0E1 /* selectLevelBg2.png */; };
		9542913F1AC645AD003CE0E1 /* snow.plist in Resources */ = {isa = PBXBuildFile; fileRef = 954291061AC645AD003CE0E1 /* snow.plist */; };
		954291401AC645AD003CE0E1 /* snow.png in Resources */ = {isa = PBXBuildFile; fileRef = 954291071AC645AD003CE0E1 /* snow.png */; };
		954291411AC645AD003CE0E1 /* button.wav in Resources */ = {isa = PBXBuildFile; fileRef = 954291091AC645AD003CE0E1 /* button.wav */; };
		954291421AC645AD003CE0E1 /* comeout.wav in Resources */ = {isa = PBXBuildFile; fileRef = 9542910A1AC645AD003CE0E1 /* comeout.wav */; };
		954291431AC645AD003CE0E1 /* dead.mp3 in Resources */ = {isa = PBXBuildFile; fileRef = 9542910B1AC645AD003CE0E1 /* dead.mp3 */; };
		954291441AC645AD003CE0E1 /* dead.wav in Resources */ = {isa = PBXBuildFile; fileRef = 9542910C1AC645AD003CE0E1 /* dead.wav */; };
		954291451AC645AD003CE0E1 /* dead1.wav in Resources */ = {isa = PBXBuildFile; fileRef = 9542910D1AC645AD003CE0E1 /* dead1.wav */; };
		954291461AC645AD003CE0E1 /* enemy0_down.mp3 in Resources */ = {isa = PBXBuildFile; fileRef = 9542910E1AC645AD003CE0E1 /* enemy0_down.mp3 */; };
		954291471AC645AD003CE0E1 /* game_music.mp3 in Resources */ = {isa = PBXBuildFile; fileRef = 9542910F1AC645AD003CE0E1 /* game_music.mp3 */; };
		954291481AC645AD003CE0E1 /* music.mp3 in Resources */ = {isa = PBXBuildFile; fileRef = 954291101AC645AD003CE0E1 /* music.mp3 */; };
		954291491AC645AD003CE0E1 /* shoot.wav in Resources */ = {isa = PBXBuildFile; fileRef = 954291111AC645AD003CE0E1 /* shoot.wav */; };
		9542914A1AC645AD003CE0E1 /* tip.wav in Resources */ = {isa = PBXBuildFile; fileRef = 954291121AC645AD003CE0E1 /* tip.wav */; };
		9542914B1AC645AD003CE0E1 /* use_bomb.mp3 in Resources */ = {isa = PBXBuildFile; fileRef = 954291131AC645AD003CE0E1 /* use_bomb.mp3 */; };
		9542914C1AC645AD003CE0E1 /* start_1.png in Resources */ = {isa = PBXBuildFile; fileRef = 954291141AC645AD003CE0E1 /* start_1.png */; };
		9542914D1AC645AD003CE0E1 /* start_2.png in Resources */ = {isa = PBXBuildFile; fileRef = 954291151AC645AD003CE0E1 /* start_2.png */; };
		9542914E1AC645AD003CE0E1 /* successfulBg.png in Resources */ = {isa = PBXBuildFile; fileRef = 954291161AC645AD003CE0E1 /* successfulBg.png */; };
		954291501AC645AD003CE0E1 /* tilemap0.tmx in Resources */ = {isa = PBXBuildFile; fileRef = 954291181AC645AD003CE0E1 /* tilemap0.tmx */; };
		954291511AC645AD003CE0E1 /* tilemap1.tmx in Resources */ = {isa = PBXBuildFile; fileRef = 954291191AC645AD003CE0E1 /* tilemap1.tmx */; };
		954291521AC645AD003CE0E1 /* tilemap3.tmx in Resources */ = {isa = PBXBuildFile; fileRef = 9542911A1AC645AD003CE0E1 /* tilemap3.tmx */; };
		954291531AC645AD003CE0E1 /* tiles.png in Resources */ = {isa = PBXBuildFile; fileRef = 9542911B1AC645AD003CE0E1 /* tiles.png */; };
		95451ECA1AA5241600396C82 /* GroupEnemy.cpp in Sources */ = {isa = PBXBuildFile; fileRef = 95451EC81AA5241600396C82 /* GroupEnemy.cpp */; };
		95451ECD1AA529FC00396C82 /* LoadLevelInfo.cpp in Sources */ = {isa = PBXBuildFile; fileRef = 95451ECB1AA529FC00396C82 /* LoadLevelInfo.cpp */; };
		95718BFC1ADE5520009E5582 /* Play.plist in Resources */ = {isa = PBXBuildFile; fileRef = 95718BFB1ADE5520009E5582 /* Play.plist */; };
		957D9ED71ADC6D3C00C58C10 /* newMap1.tmx in Resources */ = {isa = PBXBuildFile; fileRef = 957D9ED61ADC6D3C00C58C10 /* newMap1.tmx */; };
		957D9ED91ADC70F200C58C10 /* newMap2.tmx in Resources */ = {isa = PBXBuildFile; fileRef = 957D9ED81ADC70F200C58C10 /* newMap2.tmx */; };
		957D9EDB1ADC755D00C58C10 /* newMap3.tmx in Resources */ = {isa = PBXBuildFile; fileRef = 957D9EDA1ADC755D00C58C10 /* newMap3.tmx */; };
		95B1E0641AC7E23E008F7685 /* bitmapFontChinese.fnt in Resources */ = {isa = PBXBuildFile; fileRef = 95B1E05F1AC7E23D008F7685 /* bitmapFontChinese.fnt */; };
		95B1E0651AC7E23E008F7685 /* bitmapFontChinese.png in Resources */ = {isa = PBXBuildFile; fileRef = 95B1E0601AC7E23D008F7685 /* bitmapFontChinese.png */; };
		95B1E0661AC7E23E008F7685 /* boundsTestFont.fnt in Resources */ = {isa = PBXBuildFile; fileRef = 95B1E0611AC7E23D008F7685 /* boundsTestFont.fnt */; };
		95B1E0671AC7E23E008F7685 /* boundsTestFont.png in Resources */ = {isa = PBXBuildFile; fileRef = 95B1E0621AC7E23E008F7685 /* boundsTestFont.png */; };
		95B1E0681AC7E23E008F7685 /* Marker Felt.ttf in Resources */ = {isa = PBXBuildFile; fileRef = 95B1E0631AC7E23E008F7685 /* Marker Felt.ttf */; };
		95B278AE1A8C1E8800C905AE /* EnemyBase.cpp in Sources */ = {isa = PBXBuildFile; fileRef = 95B278AC1A8C1E8800C905AE /* EnemyBase.cpp */; };
		95B278B11A8C1EA800C905AE /* PlayLayer.cpp in Sources */ = {isa = PBXBuildFile; fileRef = 95B278AF1A8C1EA800C905AE /* PlayLayer.cpp */; };
		95B278BD1A8C238C00C905AE /* TowerBase.cpp in Sources */ = {isa = PBXBuildFile; fileRef = 95B278BB1A8C238C00C905AE /* TowerBase.cpp */; };
		95C74AAA1AD11FA1002BBD3D /* MyBullet.cpp in Sources */ = {isa = PBXBuildFile; fileRef = 95C74AA81AD11FA1002BBD3D /* MyBullet.cpp */; };
		95C74AAD1AD1B4EB002BBD3D /* DeleteOrUpgradePanleLayer.cpp in Sources */ = {isa = PBXBuildFile; fileRef = 95C74AAB1AD1B4EB002BBD3D /* DeleteOrUpgradePanleLayer.cpp */; };
		95C74AB01AD33002002BBD3D /* sell.png in Resources */ = {isa = PBXBuildFile; fileRef = 95C74AAE1AD33002002BBD3D /* sell.png */; };
		95C74AB11AD33002002BBD3D /* upload.png in Resources */ = {isa = PBXBuildFile; fileRef = 95C74AAF1AD33002002BBD3D /* upload.png */; };
		95E72DFA1AE8D0C3001163CE /* playbg1.png in Resources */ = {isa = PBXBuildFile; fileRef = 95E72DF91AE8D0C3001163CE /* playbg1.png */; };
		95E72E081AE8F2F1001163CE /* Play3.plist in Resources */ = {isa = PBXBuildFile; fileRef = 95E72E071AE8F2F1001163CE /* Play3.plist */; };
		95E72E0A1AE8F323001163CE /* play3.png in Resources */ = {isa = PBXBuildFile; fileRef = 95E72E091AE8F323001163CE /* play3.png */; };
		95F43EC71AD7254F00269EFA /* newmap.tmx in Resources */ = {isa = PBXBuildFile; fileRef = 95F43EC61AD7254F00269EFA /* newmap.tmx */; };
		BF171245129291EC00B8313A /* OpenGLES.framework in Frameworks */ = {isa = PBXBuildFile; fileRef = BF170DB012928DE900B8313A /* OpenGLES.framework */; };
		BF1712471292920000B8313A /* libz.dylib in Frameworks */ = {isa = PBXBuildFile; fileRef = BF170DB412928DE900B8313A /* libz.dylib */; };
		BF1C47F01293687400B63C5D /* QuartzCore.framework in Frameworks */ = {isa = PBXBuildFile; fileRef = BF1C47EA1293683800B63C5D /* QuartzCore.framework */; };
		D44C620C132DFF330009C878 /* OpenAL.framework in Frameworks */ = {isa = PBXBuildFile; fileRef = D44C620B132DFF330009C878 /* OpenAL.framework */; };
		D44C620E132DFF430009C878 /* AVFoundation.framework in Frameworks */ = {isa = PBXBuildFile; fileRef = D44C620D132DFF430009C878 /* AVFoundation.framework */; };
		D44C6210132DFF4E0009C878 /* AudioToolbox.framework in Frameworks */ = {isa = PBXBuildFile; fileRef = D44C620F132DFF4E0009C878 /* AudioToolbox.framework */; };
		D6B0611B1803AB670077942B /* CoreMotion.framework in Frameworks */ = {isa = PBXBuildFile; fileRef = D6B0611A1803AB670077942B /* CoreMotion.framework */; };
		F7DBDDA61A8EEBBB006DB650 /* GameManager.cpp in Sources */ = {isa = PBXBuildFile; fileRef = F7DBDDA51A8EEBBB006DB650 /* GameManager.cpp */; };
		F7DBDDA91A8EEC13006DB650 /* TowerPanleLayer.cpp in Sources */ = {isa = PBXBuildFile; fileRef = F7DBDDA71A8EEC13006DB650 /* TowerPanleLayer.cpp */; };
		F7DBDDAC1A8EEE28006DB650 /* Thief.cpp in Sources */ = {isa = PBXBuildFile; fileRef = F7DBDDAA1A8EEE28006DB650 /* Thief.cpp */; };
		F7DBDDB01A8EEE91006DB650 /* ArrowTower.cpp in Sources */ = {isa = PBXBuildFile; fileRef = F7DBDDAE1A8EEE91006DB650 /* ArrowTower.cpp */; };
		F7DBDDB31A8EEF1C006DB650 /* AttackTower.cpp in Sources */ = {isa = PBXBuildFile; fileRef = F7DBDDB11A8EEF1C006DB650 /* AttackTower.cpp */; };
		F7DBDDB71A8EEF70006DB650 /* MultiDirTower.cpp in Sources */ = {isa = PBXBuildFile; fileRef = F7DBDDB51A8EEF70006DB650 /* MultiDirTower.cpp */; };
		F7DBDDBE1A8EF9FA006DB650 /* tilemap0.tmx in Resources */ = {isa = PBXBuildFile; fileRef = F7DBDDB91A8EF9FA006DB650 /* tilemap0.tmx */; };
		F7DBDDBF1A8EF9FA006DB650 /* Play.plist in Resources */ = {isa = PBXBuildFile; fileRef = F7DBDDBA1A8EF9FA006DB650 /* Play.plist */; };
		F7DBDDC01A8EF9FA006DB650 /* Play.png in Resources */ = {isa = PBXBuildFile; fileRef = F7DBDDBB1A8EF9FA006DB650 /* Play.png */; };
		F7DBDDC11A8EF9FA006DB650 /* playbg.png in Resources */ = {isa = PBXBuildFile; fileRef = F7DBDDBC1A8EF9FA006DB650 /* playbg.png */; };
		F7DBDDC21A8EF9FA006DB650 /* tiles.png in Resources */ = {isa = PBXBuildFile; fileRef = F7DBDDBD1A8EF9FA006DB650 /* tiles.png */; };
/* End PBXBuildFile section */

/* Begin PBXContainerItemProxy section */
		1AC6FAF8180E9839004C840B /* PBXContainerItemProxy */ = {
			isa = PBXContainerItemProxy;
			containerPortal = 1AC6FAE5180E9839004C840B /* cocos2d_libs.xcodeproj */;
			proxyType = 2;
			remoteGlobalIDString = 1551A33F158F2AB200E66CFE;
			remoteInfo = "cocos2dx Mac";
		};
		1AC6FB06180E9839004C840B /* PBXContainerItemProxy */ = {
			isa = PBXContainerItemProxy;
			containerPortal = 1AC6FAE5180E9839004C840B /* cocos2d_libs.xcodeproj */;
			proxyType = 2;
			remoteGlobalIDString = A07A4D641783777C0073F6A7;
			remoteInfo = "cocos2dx iOS";
		};
		1AC6FB15180E9959004C840B /* PBXContainerItemProxy */ = {
			isa = PBXContainerItemProxy;
			containerPortal = 1AC6FAE5180E9839004C840B /* cocos2d_libs.xcodeproj */;
			proxyType = 1;
			remoteGlobalIDString = 1551A33E158F2AB200E66CFE;
			remoteInfo = "cocos2dx Mac";
		};
		1AC6FB24180E99E1004C840B /* PBXContainerItemProxy */ = {
			isa = PBXContainerItemProxy;
			containerPortal = 1AC6FAE5180E9839004C840B /* cocos2d_libs.xcodeproj */;
			proxyType = 1;
			remoteGlobalIDString = A07A4C241783777C0073F6A7;
			remoteInfo = "cocos2dx iOS";
		};
/* End PBXContainerItemProxy section */

/* Begin PBXFileReference section */
		1AC6FAE5180E9839004C840B /* cocos2d_libs.xcodeproj */ = {isa = PBXFileReference; lastKnownFileType = "wrapper.pb-project"; name = cocos2d_libs.xcodeproj; path = ../cocos2d/build/cocos2d_libs.xcodeproj; sourceTree = "<group>"; };
		1ACB3243164770DE00914215 /* libcurl.a */ = {isa = PBXFileReference; lastKnownFileType = archive.ar; name = libcurl.a; path = ../../cocos2dx/platform/third_party/ios/libraries/libcurl.a; sourceTree = "<group>"; };
		1D30AB110D05D00D00671497 /* Foundation.framework */ = {isa = PBXFileReference; lastKnownFileType = wrapper.framework; name = Foundation.framework; path = System/Library/Frameworks/Foundation.framework; sourceTree = SDKROOT; };
		1D6058910D05DD3D006BFB54 /* cs526 iOS.app */ = {isa = PBXFileReference; explicitFileType = wrapper.application; includeInIndex = 0; path = "cs526 iOS.app"; sourceTree = BUILT_PRODUCTS_DIR; };
		1DF5F4DF0D08C38300B7A737 /* UIKit.framework */ = {isa = PBXFileReference; lastKnownFileType = wrapper.framework; name = UIKit.framework; path = System/Library/Frameworks/UIKit.framework; sourceTree = SDKROOT; };
		288765A40DF7441C002DB57D /* CoreGraphics.framework */ = {isa = PBXFileReference; lastKnownFileType = wrapper.framework; name = CoreGraphics.framework; path = System/Library/Frameworks/CoreGraphics.framework; sourceTree = SDKROOT; };
		3EACC98E19EE6D4300EB3C5E /* res */ = {isa = PBXFileReference; lastKnownFileType = folder; path = res; sourceTree = "<group>"; };
		46880B7A19C43A67006E1F66 /* HelloWorld.png */ = {isa = PBXFileReference; lastKnownFileType = image.png; path = HelloWorld.png; sourceTree = "<group>"; };
		46880B8419C43A87006E1F66 /* AppDelegate.cpp */ = {isa = PBXFileReference; fileEncoding = 4; lastKnownFileType = sourcecode.cpp.cpp; path = AppDelegate.cpp; sourceTree = "<group>"; };
		46880B8519C43A87006E1F66 /* AppDelegate.h */ = {isa = PBXFileReference; fileEncoding = 4; lastKnownFileType = sourcecode.c.h; path = AppDelegate.h; sourceTree = "<group>"; };
		503AE0F617EB97AB00D1A890 /* Icon.icns */ = {isa = PBXFileReference; lastKnownFileType = image.icns; path = Icon.icns; sourceTree = "<group>"; };
		503AE0F717EB97AB00D1A890 /* Info.plist */ = {isa = PBXFileReference; fileEncoding = 4; lastKnownFileType = text.plist.xml; path = Info.plist; sourceTree = "<group>"; };
		503AE0FA17EB989F00D1A890 /* AppController.h */ = {isa = PBXFileReference; fileEncoding = 4; lastKnownFileType = sourcecode.c.h; name = AppController.h; path = ios/AppController.h; sourceTree = SOURCE_ROOT; };
		503AE0FB17EB989F00D1A890 /* AppController.mm */ = {isa = PBXFileReference; fileEncoding = 4; lastKnownFileType = sourcecode.cpp.objcpp; name = AppController.mm; path = ios/AppController.mm; sourceTree = SOURCE_ROOT; };
		503AE0FC17EB989F00D1A890 /* main.m */ = {isa = PBXFileReference; fileEncoding = 4; lastKnownFileType = sourcecode.c.objc; name = main.m; path = ios/main.m; sourceTree = SOURCE_ROOT; };
		503AE0FD17EB989F00D1A890 /* Prefix.pch */ = {isa = PBXFileReference; fileEncoding = 4; lastKnownFileType = sourcecode.c.h; name = Prefix.pch; path = ios/Prefix.pch; sourceTree = SOURCE_ROOT; };
		503AE0FE17EB989F00D1A890 /* RootViewController.h */ = {isa = PBXFileReference; fileEncoding = 4; lastKnownFileType = sourcecode.c.h; name = RootViewController.h; path = ios/RootViewController.h; sourceTree = SOURCE_ROOT; };
		503AE0FF17EB989F00D1A890 /* RootViewController.mm */ = {isa = PBXFileReference; fileEncoding = 4; lastKnownFileType = sourcecode.cpp.objcpp; name = RootViewController.mm; path = ios/RootViewController.mm; sourceTree = SOURCE_ROOT; };
		503AE10317EB98FF00D1A890 /* main.cpp */ = {isa = PBXFileReference; fileEncoding = 4; lastKnownFileType = sourcecode.cpp.cpp; name = main.cpp; path = mac/main.cpp; sourceTree = "<group>"; };
		503AE10417EB98FF00D1A890 /* Prefix.pch */ = {isa = PBXFileReference; fileEncoding = 4; lastKnownFileType = sourcecode.c.h; name = Prefix.pch; path = mac/Prefix.pch; sourceTree = "<group>"; };
		503AE11117EB99EE00D1A890 /* libcurl.dylib */ = {isa = PBXFileReference; lastKnownFileType = "compiled.mach-o.dylib"; name = libcurl.dylib; path = usr/lib/libcurl.dylib; sourceTree = SDKROOT; };
		503AE11A17EB9C5A00D1A890 /* IOKit.framework */ = {isa = PBXFileReference; lastKnownFileType = wrapper.framework; name = IOKit.framework; path = System/Library/Frameworks/IOKit.framework; sourceTree = SDKROOT; };
		5087E76F17EB910900C73F5D /* cs526 Mac.app */ = {isa = PBXFileReference; explicitFileType = wrapper.application; includeInIndex = 0; path = "cs526 Mac.app"; sourceTree = BUILT_PRODUCTS_DIR; };
		5087E77217EB970100C73F5D /* Default-568h@2x.png */ = {isa = PBXFileReference; lastKnownFileType = image.png; path = "Default-568h@2x.png"; sourceTree = "<group>"; };
		5087E77317EB970100C73F5D /* Default.png */ = {isa = PBXFileReference; lastKnownFileType = image.png; path = Default.png; sourceTree = "<group>"; };
		5087E77417EB970100C73F5D /* Default@2x.png */ = {isa = PBXFileReference; lastKnownFileType = image.png; path = "Default@2x.png"; sourceTree = "<group>"; };
		5087E77517EB970100C73F5D /* Icon-114.png */ = {isa = PBXFileReference; lastKnownFileType = image.png; path = "Icon-114.png"; sourceTree = "<group>"; };
		5087E77617EB970100C73F5D /* Icon-120.png */ = {isa = PBXFileReference; lastKnownFileType = image.png; path = "Icon-120.png"; sourceTree = "<group>"; };
		5087E77717EB970100C73F5D /* Icon-144.png */ = {isa = PBXFileReference; lastKnownFileType = image.png; path = "Icon-144.png"; sourceTree = "<group>"; };
		5087E77817EB970100C73F5D /* Icon-152.png */ = {isa = PBXFileReference; lastKnownFileType = image.png; path = "Icon-152.png"; sourceTree = "<group>"; };
		5087E77917EB970100C73F5D /* Icon-57.png */ = {isa = PBXFileReference; lastKnownFileType = image.png; path = "Icon-57.png"; sourceTree = "<group>"; };
		5087E77A17EB970100C73F5D /* Icon-72.png */ = {isa = PBXFileReference; lastKnownFileType = image.png; path = "Icon-72.png"; sourceTree = "<group>"; };
		5087E77B17EB970100C73F5D /* Icon-76.png */ = {isa = PBXFileReference; lastKnownFileType = image.png; path = "Icon-76.png"; sourceTree = "<group>"; };
		5087E77C17EB970100C73F5D /* Info.plist */ = {isa = PBXFileReference; fileEncoding = 4; lastKnownFileType = text.plist.xml; path = Info.plist; sourceTree = "<group>"; };
		5087E78817EB974C00C73F5D /* AppKit.framework */ = {isa = PBXFileReference; lastKnownFileType = wrapper.framework; name = AppKit.framework; path = System/Library/Frameworks/AppKit.framework; sourceTree = SDKROOT; };
		5087E78A17EB975400C73F5D /* OpenGL.framework */ = {isa = PBXFileReference; lastKnownFileType = wrapper.framework; name = OpenGL.framework; path = System/Library/Frameworks/OpenGL.framework; sourceTree = SDKROOT; };
		50EF629217ECD46A001EB2F8 /* Icon-40.png */ = {isa = PBXFileReference; lastKnownFileType = image.png; path = "Icon-40.png"; sourceTree = "<group>"; };
		50EF629317ECD46A001EB2F8 /* Icon-58.png */ = {isa = PBXFileReference; lastKnownFileType = image.png; path = "Icon-58.png"; sourceTree = "<group>"; };
		50EF629417ECD46A001EB2F8 /* Icon-80.png */ = {isa = PBXFileReference; lastKnownFileType = image.png; path = "Icon-80.png"; sourceTree = "<group>"; };
		50EF629517ECD46A001EB2F8 /* Icon-100.png */ = {isa = PBXFileReference; lastKnownFileType = image.png; path = "Icon-100.png"; sourceTree = "<group>"; };
		50EF62A017ECD613001EB2F8 /* Icon-29.png */ = {isa = PBXFileReference; lastKnownFileType = image.png; path = "Icon-29.png"; sourceTree = "<group>"; };
		50EF62A117ECD613001EB2F8 /* Icon-50.png */ = {isa = PBXFileReference; lastKnownFileType = image.png; path = "Icon-50.png"; sourceTree = "<group>"; };
		521A8E6219F0C34300D177D7 /* Default-667h@2x.png */ = {isa = PBXFileReference; lastKnownFileType = image.png; path = "Default-667h@2x.png"; sourceTree = "<group>"; };
		521A8E6319F0C34300D177D7 /* Default-736h@3x.png */ = {isa = PBXFileReference; lastKnownFileType = image.png; path = "Default-736h@3x.png"; sourceTree = "<group>"; };
		954290C91AC627F6003CE0E1 /* FailedScene.cpp */ = {isa = PBXFileReference; fileEncoding = 4; lastKnownFileType = sourcecode.cpp.cpp; path = FailedScene.cpp; sourceTree = "<group>"; };
		954290CA1AC627F6003CE0E1 /* FailedScene.h */ = {isa = PBXFileReference; fileEncoding = 4; lastKnownFileType = sourcecode.c.h; path = FailedScene.h; sourceTree = "<group>"; };
		954290CC1AC628B2003CE0E1 /* LevelLayer.cpp */ = {isa = PBXFileReference; fileEncoding = 4; lastKnownFileType = sourcecode.cpp.cpp; path = LevelLayer.cpp; sourceTree = "<group>"; };
		954290CD1AC628B2003CE0E1 /* LevelLayer.h */ = {isa = PBXFileReference; fileEncoding = 4; lastKnownFileType = sourcecode.c.h; path = LevelLayer.h; sourceTree = "<group>"; };
		954290CF1AC62918003CE0E1 /* LevelScene.cpp */ = {isa = PBXFileReference; fileEncoding = 4; lastKnownFileType = sourcecode.cpp.cpp; path = LevelScene.cpp; sourceTree = "<group>"; };
		954290D01AC62918003CE0E1 /* LevelScene.h */ = {isa = PBXFileReference; fileEncoding = 4; lastKnownFileType = sourcecode.c.h; path = LevelScene.h; sourceTree = "<group>"; };
		954290D21AC6296E003CE0E1 /* LevelSelectPage.cpp */ = {isa = PBXFileReference; fileEncoding = 4; lastKnownFileType = sourcecode.cpp.cpp; path = LevelSelectPage.cpp; sourceTree = "<group>"; };
		954290D31AC6296E003CE0E1 /* LevelSelectPage.h */ = {isa = PBXFileReference; fileEncoding = 4; lastKnownFileType = sourcecode.c.h; path = LevelSelectPage.h; sourceTree = "<group>"; };
		954290D51AC629F6003CE0E1 /* LoadingResScene.cpp */ = {isa = PBXFileReference; fileEncoding = 4; lastKnownFileType = sourcecode.cpp.cpp; path = LoadingResScene.cpp; sourceTree = "<group>"; };
		954290D61AC629F6003CE0E1 /* LoadingResScene.h */ = {isa = PBXFileReference; fileEncoding = 4; lastKnownFileType = sourcecode.c.h; path = LoadingResScene.h; sourceTree = "<group>"; };
		954290D81AC62A3E003CE0E1 /* SuccessfulScene.cpp */ = {isa = PBXFileReference; fileEncoding = 4; lastKnownFileType = sourcecode.cpp.cpp; path = SuccessfulScene.cpp; sourceTree = "<group>"; };
		954290D91AC62A3E003CE0E1 /* SuccessfulScene.h */ = {isa = PBXFileReference; fileEncoding = 4; lastKnownFileType = sourcecode.c.h; path = SuccessfulScene.h; sourceTree = "<group>"; };
		954290DB1AC62A90003CE0E1 /* UIScene.cpp */ = {isa = PBXFileReference; fileEncoding = 4; lastKnownFileType = sourcecode.cpp.cpp; path = UIScene.cpp; sourceTree = "<group>"; };
		954290DC1AC62A90003CE0E1 /* UIScene.h */ = {isa = PBXFileReference; fileEncoding = 4; lastKnownFileType = sourcecode.c.h; path = UIScene.h; sourceTree = "<group>"; };
		954290DE1AC62AEE003CE0E1 /* LevelInfoScene.cpp */ = {isa = PBXFileReference; fileEncoding = 4; lastKnownFileType = sourcecode.cpp.cpp; path = LevelInfoScene.cpp; sourceTree = "<group>"; };
		954290DF1AC62AEE003CE0E1 /* LevelInfoScene.h */ = {isa = PBXFileReference; fileEncoding = 4; lastKnownFileType = sourcecode.c.h; path = LevelInfoScene.h; sourceTree = "<group>"; };
		954290E21AC645AD003CE0E1 /* btn_back_press.png */ = {isa = PBXFileReference; lastKnownFileType = image.png; path = btn_back_press.png; sourceTree = "<group>"; };
		954290E31AC645AD003CE0E1 /* btn_back.png */ = {isa = PBXFileReference; lastKnownFileType = image.png; path = btn_back.png; sourceTree = "<group>"; };
		954290E41AC645AD003CE0E1 /* button.plist */ = {isa = PBXFileReference; fileEncoding = 4; lastKnownFileType = text.plist.xml; path = button.plist; sourceTree = "<group>"; };
		954290E61AC645AD003CE0E1 /* card_1.png */ = {isa = PBXFileReference; lastKnownFileType = image.png; path = card_1.png; sourceTree = "<group>"; };
		954290E71AC645AD003CE0E1 /* card_2.png */ = {isa = PBXFileReference; lastKnownFileType = image.png; path = card_2.png; sourceTree = "<group>"; };
		954290E81AC645AD003CE0E1 /* card_3.png */ = {isa = PBXFileReference; lastKnownFileType = image.png; path = card_3.png; sourceTree = "<group>"; };
		954290E91AC645AD003CE0E1 /* changjing.plist */ = {isa = PBXFileReference; fileEncoding = 4; lastKnownFileType = text.plist.xml; path = changjing.plist; sourceTree = "<group>"; };
		954290EB1AC645AD003CE0E1 /* failedBg.jpg */ = {isa = PBXFileReference; lastKnownFileType = image.jpeg; path = failedBg.jpg; sourceTree = "<group>"; };
		954290F21AC645AD003CE0E1 /* House.png */ = {isa = PBXFileReference; lastKnownFileType = image.png; path = House.png; sourceTree = "<group>"; };
		954290F31AC645AD003CE0E1 /* levelInfo_0.plist */ = {isa = PBXFileReference; fileEncoding = 4; lastKnownFileType = text.plist.xml; path = levelInfo_0.plist; sourceTree = "<group>"; };
		954290F51AC645AD003CE0E1 /* levelInfo_1.plist */ = {isa = PBXFileReference; fileEncoding = 4; lastKnownFileType = text.plist.xml; path = levelInfo_1.plist; sourceTree = "<group>"; };
		954290F61AC645AD003CE0E1 /* levelInfo_2.plist */ = {isa = PBXFileReference; fileEncoding = 4; lastKnownFileType = text.plist.xml; path = levelInfo_2.plist; sourceTree = "<group>"; };
		954290F71AC645AD003CE0E1 /* levelInfo_3.plist */ = {isa = PBXFileReference; fileEncoding = 4; lastKnownFileType = text.plist.xml; path = levelInfo_3.plist; sourceTree = "<group>"; };
		954290F81AC645AD003CE0E1 /* LevelInfoPanel.png */ = {isa = PBXFileReference; lastKnownFileType = image.png; path = LevelInfoPanel.png; sourceTree = "<group>"; };
		954290F91AC645AD003CE0E1 /* load.png */ = {isa = PBXFileReference; lastKnownFileType = image.png; path = load.png; sourceTree = "<group>"; };
		954290FA1AC645AD003CE0E1 /* loadBar.png */ = {isa = PBXFileReference; lastKnownFileType = image.png; path = loadBar.png; sourceTree = "<group>"; };
		954290FB1AC645AD003CE0E1 /* map.tmx */ = {isa = PBXFileReference; fileEncoding = 4; lastKnownFileType = text.xml; path = map.tmx; sourceTree = "<group>"; };
		954290FE1AC645AD003CE0E1 /* particleTexture.png */ = {isa = PBXFileReference; lastKnownFileType = image.png; path = particleTexture.png; sourceTree = "<group>"; };
		954290FF1AC645AD003CE0E1 /* Play1.plist */ = {isa = PBXFileReference; fileEncoding = 4; lastKnownFileType = text.plist.xml; path = Play1.plist; sourceTree = "<group>"; };
		954291001AC645AD003CE0E1 /* Play.png */ = {isa = PBXFileReference; lastKnownFileType = image.png; path = Play.png; sourceTree = "<group>"; };
		954291011AC645AD003CE0E1 /* playbg.png */ = {isa = PBXFileReference; lastKnownFileType = image.png; path = playbg.png; sourceTree = "<group>"; };
		954291031AC645AD003CE0E1 /* selectLevelBg.png */ = {isa = PBXFileReference; lastKnownFileType = image.png; path = selectLevelBg.png; sourceTree = "<group>"; };
		954291041AC645AD003CE0E1 /* selectLevelBg1.png */ = {isa = PBXFileReference; lastKnownFileType = image.png; path = selectLevelBg1.png; sourceTree = "<group>"; };
		954291051AC645AD003CE0E1 /* selectLevelBg2.png */ = {isa = PBXFileReference; lastKnownFileType = image.png; path = selectLevelBg2.png; sourceTree = "<group>"; };
		954291061AC645AD003CE0E1 /* snow.plist */ = {isa = PBXFileReference; fileEncoding = 4; lastKnownFileType = text.plist.xml; path = snow.plist; sourceTree = "<group>"; };
		954291071AC645AD003CE0E1 /* snow.png */ = {isa = PBXFileReference; lastKnownFileType = image.png; path = snow.png; sourceTree = "<group>"; };
		954291091AC645AD003CE0E1 /* button.wav */ = {isa = PBXFileReference; lastKnownFileType = audio.wav; path = button.wav; sourceTree = "<group>"; };
		9542910A1AC645AD003CE0E1 /* comeout.wav */ = {isa = PBXFileReference; lastKnownFileType = audio.wav; path = comeout.wav; sourceTree = "<group>"; };
		9542910B1AC645AD003CE0E1 /* dead.mp3 */ = {isa = PBXFileReference; lastKnownFileType = audio.mp3; path = dead.mp3; sourceTree = "<group>"; };
		9542910C1AC645AD003CE0E1 /* dead.wav */ = {isa = PBXFileReference; lastKnownFileType = audio.wav; path = dead.wav; sourceTree = "<group>"; };
		9542910D1AC645AD003CE0E1 /* dead1.wav */ = {isa = PBXFileReference; lastKnownFileType = audio.wav; path = dead1.wav; sourceTree = "<group>"; };
		9542910E1AC645AD003CE0E1 /* enemy0_down.mp3 */ = {isa = PBXFileReference; lastKnownFileType = audio.mp3; path = enemy0_down.mp3; sourceTree = "<group>"; };
		9542910F1AC645AD003CE0E1 /* game_music.mp3 */ = {isa = PBXFileReference; lastKnownFileType = audio.mp3; path = game_music.mp3; sourceTree = "<group>"; };
		954291101AC645AD003CE0E1 /* music.mp3 */ = {isa = PBXFileReference; lastKnownFileType = audio.mp3; path = music.mp3; sourceTree = "<group>"; };
		954291111AC645AD003CE0E1 /* shoot.wav */ = {isa = PBXFileReference; lastKnownFileType = audio.wav; path = shoot.wav; sourceTree = "<group>"; };
		954291121AC645AD003CE0E1 /* tip.wav */ = {isa = PBXFileReference; lastKnownFileType = audio.wav; path = tip.wav; sourceTree = "<group>"; };
		954291131AC645AD003CE0E1 /* use_bomb.mp3 */ = {isa = PBXFileReference; lastKnownFileType = audio.mp3; path = use_bomb.mp3; sourceTree = "<group>"; };
		954291141AC645AD003CE0E1 /* start_1.png */ = {isa = PBXFileReference; lastKnownFileType = image.png; path = start_1.png; sourceTree = "<group>"; };
		954291151AC645AD003CE0E1 /* start_2.png */ = {isa = PBXFileReference; lastKnownFileType = image.png; path = start_2.png; sourceTree = "<group>"; };
		954291161AC645AD003CE0E1 /* successfulBg.png */ = {isa = PBXFileReference; lastKnownFileType = image.png; path = successfulBg.png; sourceTree = "<group>"; };
		954291181AC645AD003CE0E1 /* tilemap0.tmx */ = {isa = PBXFileReference; fileEncoding = 4; lastKnownFileType = text.xml; path = tilemap0.tmx; sourceTree = "<group>"; };
		954291191AC645AD003CE0E1 /* tilemap1.tmx */ = {isa = PBXFileReference; fileEncoding = 4; lastKnownFileType = text.xml; path = tilemap1.tmx; sourceTree = "<group>"; };
		9542911A1AC645AD003CE0E1 /* tilemap3.tmx */ = {isa = PBXFileReference; fileEncoding = 4; lastKnownFileType = text.xml; path = tilemap3.tmx; sourceTree = "<group>"; };
		9542911B1AC645AD003CE0E1 /* tiles.png */ = {isa = PBXFileReference; lastKnownFileType = image.png; path = tiles.png; sourceTree = "<group>"; };
		95451EC81AA5241600396C82 /* GroupEnemy.cpp */ = {isa = PBXFileReference; fileEncoding = 4; lastKnownFileType = sourcecode.cpp.cpp; path = GroupEnemy.cpp; sourceTree = "<group>"; };
		95451EC91AA5241600396C82 /* GroupEnemy.h */ = {isa = PBXFileReference; fileEncoding = 4; lastKnownFileType = sourcecode.c.h; path = GroupEnemy.h; sourceTree = "<group>"; };
		95451ECB1AA529FC00396C82 /* LoadLevelInfo.cpp */ = {isa = PBXFileReference; fileEncoding = 4; lastKnownFileType = sourcecode.cpp.cpp; path = LoadLevelInfo.cpp; sourceTree = "<group>"; };
		95451ECC1AA529FC00396C82 /* LoadLevelInfo.h */ = {isa = PBXFileReference; fileEncoding = 4; lastKnownFileType = sourcecode.c.h; path = LoadLevelInfo.h; sourceTree = "<group>"; };
		95718BFB1ADE5520009E5582 /* Play.plist */ = {isa = PBXFileReference; fileEncoding = 4; lastKnownFileType = text.plist.xml; path = Play.plist; sourceTree = "<group>"; };
		957D9ED61ADC6D3C00C58C10 /* newMap1.tmx */ = {isa = PBXFileReference; fileEncoding = 4; lastKnownFileType = text.xml; path = newMap1.tmx; sourceTree = "<group>"; };
		957D9ED81ADC70F200C58C10 /* newMap2.tmx */ = {isa = PBXFileReference; fileEncoding = 4; lastKnownFileType = text.xml; path = newMap2.tmx; sourceTree = "<group>"; };
		957D9EDA1ADC755D00C58C10 /* newMap3.tmx */ = {isa = PBXFileReference; fileEncoding = 4; lastKnownFileType = text.xml; path = newMap3.tmx; sourceTree = "<group>"; };
		95B1E05F1AC7E23D008F7685 /* bitmapFontChinese.fnt */ = {isa = PBXFileReference; fileEncoding = 4; lastKnownFileType = text; path = bitmapFontChinese.fnt; sourceTree = "<group>"; };
		95B1E0601AC7E23D008F7685 /* bitmapFontChinese.png */ = {isa = PBXFileReference; lastKnownFileType = image.png; path = bitmapFontChinese.png; sourceTree = "<group>"; };
		95B1E0611AC7E23D008F7685 /* boundsTestFont.fnt */ = {isa = PBXFileReference; fileEncoding = 4; lastKnownFileType = text; path = boundsTestFont.fnt; sourceTree = "<group>"; };
		95B1E0621AC7E23E008F7685 /* boundsTestFont.png */ = {isa = PBXFileReference; lastKnownFileType = image.png; path = boundsTestFont.png; sourceTree = "<group>"; };
		95B1E0631AC7E23E008F7685 /* Marker Felt.ttf */ = {isa = PBXFileReference; lastKnownFileType = file; path = "Marker Felt.ttf"; sourceTree = "<group>"; };
		95B278AC1A8C1E8800C905AE /* EnemyBase.cpp */ = {isa = PBXFileReference; fileEncoding = 4; lastKnownFileType = sourcecode.cpp.cpp; path = EnemyBase.cpp; sourceTree = "<group>"; };
		95B278AD1A8C1E8800C905AE /* EnemyBase.h */ = {isa = PBXFileReference; fileEncoding = 4; lastKnownFileType = sourcecode.c.h; path = EnemyBase.h; sourceTree = "<group>"; };
		95B278AF1A8C1EA800C905AE /* PlayLayer.cpp */ = {isa = PBXFileReference; fileEncoding = 4; lastKnownFileType = sourcecode.cpp.cpp; path = PlayLayer.cpp; sourceTree = "<group>"; };
		95B278B01A8C1EA800C905AE /* PlayLayer.h */ = {isa = PBXFileReference; fileEncoding = 4; lastKnownFileType = sourcecode.c.h; path = PlayLayer.h; sourceTree = "<group>"; };
		95B278BB1A8C238C00C905AE /* TowerBase.cpp */ = {isa = PBXFileReference; fileEncoding = 4; lastKnownFileType = sourcecode.cpp.cpp; path = TowerBase.cpp; sourceTree = "<group>"; };
		95B278BC1A8C238C00C905AE /* TowerBase.h */ = {isa = PBXFileReference; fileEncoding = 4; lastKnownFileType = sourcecode.c.h; path = TowerBase.h; sourceTree = "<group>"; };
		95C74AA71AD11971002BBD3D /* config.h */ = {isa = PBXFileReference; lastKnownFileType = sourcecode.c.h; path = config.h; sourceTree = "<group>"; };
		95C74AA81AD11FA1002BBD3D /* MyBullet.cpp */ = {isa = PBXFileReference; fileEncoding = 4; lastKnownFileType = sourcecode.cpp.cpp; path = MyBullet.cpp; sourceTree = "<group>"; };
		95C74AA91AD11FA1002BBD3D /* MyBullet.h */ = {isa = PBXFileReference; fileEncoding = 4; lastKnownFileType = sourcecode.c.h; path = MyBullet.h; sourceTree = "<group>"; };
		95C74AAB1AD1B4EB002BBD3D /* DeleteOrUpgradePanleLayer.cpp */ = {isa = PBXFileReference; fileEncoding = 4; lastKnownFileType = sourcecode.cpp.cpp; path = DeleteOrUpgradePanleLayer.cpp; sourceTree = "<group>"; };
		95C74AAC1AD1B4EB002BBD3D /* DeleteOrUpgradePanleLayer.h */ = {isa = PBXFileReference; fileEncoding = 4; lastKnownFileType = sourcecode.c.h; path = DeleteOrUpgradePanleLayer.h; sourceTree = "<group>"; };
		95C74AAE1AD33002002BBD3D /* sell.png */ = {isa = PBXFileReference; lastKnownFileType = image.png; path = sell.png; sourceTree = "<group>"; };
		95C74AAF1AD33002002BBD3D /* upload.png */ = {isa = PBXFileReference; lastKnownFileType = image.png; path = upload.png; sourceTree = "<group>"; };
		95E72DF91AE8D0C3001163CE /* playbg1.png */ = {isa = PBXFileReference; lastKnownFileType = image.png; path = playbg1.png; sourceTree = "<group>"; };
		95E72E071AE8F2F1001163CE /* Play3.plist */ = {isa = PBXFileReference; fileEncoding = 4; lastKnownFileType = text.plist.xml; path = Play3.plist; sourceTree = "<group>"; };
		95E72E091AE8F323001163CE /* play3.png */ = {isa = PBXFileReference; lastKnownFileType = image.png; path = play3.png; sourceTree = "<group>"; };
		95F43EC61AD7254F00269EFA /* newmap.tmx */ = {isa = PBXFileReference; fileEncoding = 4; lastKnownFileType = text.xml; path = newmap.tmx; sourceTree = "<group>"; };
		BF170DB012928DE900B8313A /* OpenGLES.framework */ = {isa = PBXFileReference; lastKnownFileType = wrapper.framework; name = OpenGLES.framework; path = System/Library/Frameworks/OpenGLES.framework; sourceTree = SDKROOT; };
		BF170DB412928DE900B8313A /* libz.dylib */ = {isa = PBXFileReference; lastKnownFileType = "compiled.mach-o.dylib"; name = libz.dylib; path = usr/lib/libz.dylib; sourceTree = SDKROOT; };
		BF1C47EA1293683800B63C5D /* QuartzCore.framework */ = {isa = PBXFileReference; lastKnownFileType = wrapper.framework; name = QuartzCore.framework; path = System/Library/Frameworks/QuartzCore.framework; sourceTree = SDKROOT; };
		D44C620B132DFF330009C878 /* OpenAL.framework */ = {isa = PBXFileReference; lastKnownFileType = wrapper.framework; name = OpenAL.framework; path = System/Library/Frameworks/OpenAL.framework; sourceTree = SDKROOT; };
		D44C620D132DFF430009C878 /* AVFoundation.framework */ = {isa = PBXFileReference; lastKnownFileType = wrapper.framework; name = AVFoundation.framework; path = System/Library/Frameworks/AVFoundation.framework; sourceTree = SDKROOT; };
		D44C620F132DFF4E0009C878 /* AudioToolbox.framework */ = {isa = PBXFileReference; lastKnownFileType = wrapper.framework; name = AudioToolbox.framework; path = System/Library/Frameworks/AudioToolbox.framework; sourceTree = SDKROOT; };
		D6B0611A1803AB670077942B /* CoreMotion.framework */ = {isa = PBXFileReference; lastKnownFileType = wrapper.framework; name = CoreMotion.framework; path = Platforms/iPhoneOS.platform/Developer/SDKs/iPhoneOS7.0.sdk/System/Library/Frameworks/CoreMotion.framework; sourceTree = DEVELOPER_DIR; };
		F7DBDDA21A8EEB58006DB650 /* GameManager.h */ = {isa = PBXFileReference; lastKnownFileType = sourcecode.c.h; path = GameManager.h; sourceTree = "<group>"; };
		F7DBDDA51A8EEBBB006DB650 /* GameManager.cpp */ = {isa = PBXFileReference; fileEncoding = 4; lastKnownFileType = sourcecode.cpp.cpp; path = GameManager.cpp; sourceTree = "<group>"; };
		F7DBDDA71A8EEC13006DB650 /* TowerPanleLayer.cpp */ = {isa = PBXFileReference; fileEncoding = 4; lastKnownFileType = sourcecode.cpp.cpp; path = TowerPanleLayer.cpp; sourceTree = "<group>"; };
		F7DBDDA81A8EEC13006DB650 /* TowerPanleLayer.h */ = {isa = PBXFileReference; fileEncoding = 4; lastKnownFileType = sourcecode.c.h; path = TowerPanleLayer.h; sourceTree = "<group>"; };
		F7DBDDAA1A8EEE28006DB650 /* Thief.cpp */ = {isa = PBXFileReference; fileEncoding = 4; lastKnownFileType = sourcecode.cpp.cpp; path = Thief.cpp; sourceTree = "<group>"; };
		F7DBDDAB1A8EEE28006DB650 /* Thief.h */ = {isa = PBXFileReference; fileEncoding = 4; lastKnownFileType = sourcecode.c.h; path = Thief.h; sourceTree = "<group>"; };
		F7DBDDAE1A8EEE91006DB650 /* ArrowTower.cpp */ = {isa = PBXFileReference; fileEncoding = 4; lastKnownFileType = sourcecode.cpp.cpp; path = ArrowTower.cpp; sourceTree = "<group>"; };
		F7DBDDAF1A8EEE91006DB650 /* ArrowTower.h */ = {isa = PBXFileReference; fileEncoding = 4; lastKnownFileType = sourcecode.c.h; path = ArrowTower.h; sourceTree = "<group>"; };
		F7DBDDB11A8EEF1C006DB650 /* AttackTower.cpp */ = {isa = PBXFileReference; fileEncoding = 4; lastKnownFileType = sourcecode.cpp.cpp; path = AttackTower.cpp; sourceTree = "<group>"; };
		F7DBDDB21A8EEF1C006DB650 /* AttackTower.h */ = {isa = PBXFileReference; fileEncoding = 4; lastKnownFileType = sourcecode.c.h; path = AttackTower.h; sourceTree = "<group>"; };
		F7DBDDB51A8EEF70006DB650 /* MultiDirTower.cpp */ = {isa = PBXFileReference; fileEncoding = 4; lastKnownFileType = sourcecode.cpp.cpp; path = MultiDirTower.cpp; sourceTree = "<group>"; };
		F7DBDDB61A8EEF70006DB650 /* MultiDirTower.h */ = {isa = PBXFileReference; fileEncoding = 4; lastKnownFileType = sourcecode.c.h; path = MultiDirTower.h; sourceTree = "<group>"; };
		F7DBDDB91A8EF9FA006DB650 /* tilemap0.tmx */ = {isa = PBXFileReference; fileEncoding = 4; lastKnownFileType = text.xml; path = tilemap0.tmx; sourceTree = "<group>"; };
		F7DBDDBA1A8EF9FA006DB650 /* Play.plist */ = {isa = PBXFileReference; fileEncoding = 4; lastKnownFileType = text.plist.xml; path = Play.plist; sourceTree = "<group>"; };
		F7DBDDBB1A8EF9FA006DB650 /* Play.png */ = {isa = PBXFileReference; lastKnownFileType = image.png; path = Play.png; sourceTree = "<group>"; };
		F7DBDDBC1A8EF9FA006DB650 /* playbg.png */ = {isa = PBXFileReference; lastKnownFileType = image.png; path = playbg.png; sourceTree = "<group>"; };
		F7DBDDBD1A8EF9FA006DB650 /* tiles.png */ = {isa = PBXFileReference; lastKnownFileType = image.png; path = tiles.png; sourceTree = "<group>"; };
/* End PBXFileReference section */

/* Begin PBXFrameworksBuildPhase section */
		1D60588F0D05DD3D006BFB54 /* Frameworks */ = {
			isa = PBXFrameworksBuildPhase;
			buildActionMask = 2147483647;
			files = (
				1AC6FB30180E99EB004C840B /* libcocos2d iOS.a in Frameworks */,
				D6B0611B1803AB670077942B /* CoreMotion.framework in Frameworks */,
				1D60589F0D05DD5A006BFB54 /* Foundation.framework in Frameworks */,
				1DF5F4E00D08C38300B7A737 /* UIKit.framework in Frameworks */,
				288765A50DF7441C002DB57D /* CoreGraphics.framework in Frameworks */,
				BF171245129291EC00B8313A /* OpenGLES.framework in Frameworks */,
				BF1712471292920000B8313A /* libz.dylib in Frameworks */,
				BF1C47F01293687400B63C5D /* QuartzCore.framework in Frameworks */,
				D44C620C132DFF330009C878 /* OpenAL.framework in Frameworks */,
				D44C620E132DFF430009C878 /* AVFoundation.framework in Frameworks */,
				D44C6210132DFF4E0009C878 /* AudioToolbox.framework in Frameworks */,
			);
			runOnlyForDeploymentPostprocessing = 0;
		};
		5087E75C17EB910900C73F5D /* Frameworks */ = {
			isa = PBXFrameworksBuildPhase;
			buildActionMask = 2147483647;
			files = (
				1AC6FB21180E996B004C840B /* libcocos2d Mac.a in Frameworks */,
				503AE11217EB99EE00D1A890 /* libcurl.dylib in Frameworks */,
				5087E76717EB910900C73F5D /* libz.dylib in Frameworks */,
				503AE11B17EB9C5A00D1A890 /* IOKit.framework in Frameworks */,
				5087E78B17EB975400C73F5D /* OpenGL.framework in Frameworks */,
				5087E78917EB974C00C73F5D /* AppKit.framework in Frameworks */,
				5087E76317EB910900C73F5D /* Foundation.framework in Frameworks */,
				5087E76817EB910900C73F5D /* QuartzCore.framework in Frameworks */,
				5087E76917EB910900C73F5D /* OpenAL.framework in Frameworks */,
				5087E76A17EB910900C73F5D /* AVFoundation.framework in Frameworks */,
				5087E76B17EB910900C73F5D /* AudioToolbox.framework in Frameworks */,
			);
			runOnlyForDeploymentPostprocessing = 0;
		};
/* End PBXFrameworksBuildPhase section */

/* Begin PBXGroup section */
		080E96DDFE201D6D7F000001 /* ios */ = {
			isa = PBXGroup;
			children = (
				5087E77117EB970100C73F5D /* Icons */,
				503AE0FA17EB989F00D1A890 /* AppController.h */,
				503AE0FB17EB989F00D1A890 /* AppController.mm */,
				503AE0FC17EB989F00D1A890 /* main.m */,
				503AE0FD17EB989F00D1A890 /* Prefix.pch */,
				503AE0FE17EB989F00D1A890 /* RootViewController.h */,
				503AE0FF17EB989F00D1A890 /* RootViewController.mm */,
			);
			name = ios;
			path = Classes;
			sourceTree = "<group>";
		};
		19C28FACFE9D520D11CA2CBB /* Products */ = {
			isa = PBXGroup;
			children = (
				1D6058910D05DD3D006BFB54 /* cs526 iOS.app */,
				5087E76F17EB910900C73F5D /* cs526 Mac.app */,
			);
			name = Products;
			sourceTree = "<group>";
		};
		1AC6FAE6180E9839004C840B /* Products */ = {
			isa = PBXGroup;
			children = (
				1AC6FAF9180E9839004C840B /* libcocos2d Mac.a */,
				1AC6FB07180E9839004C840B /* libcocos2d iOS.a */,
			);
			name = Products;
			sourceTree = "<group>";
		};
		29B97314FDCFA39411CA2CEA /* CustomTemplate */ = {
			isa = PBXGroup;
			children = (
				46880B8319C43A87006E1F66 /* Classes */,
				46880B7519C43A67006E1F66 /* Resources */,
				1AC6FAE5180E9839004C840B /* cocos2d_libs.xcodeproj */,
				29B97323FDCFA39411CA2CEA /* Frameworks */,
				080E96DDFE201D6D7F000001 /* ios */,
				503AE10617EB990700D1A890 /* mac */,
				19C28FACFE9D520D11CA2CBB /* Products */,
			);
			name = CustomTemplate;
			sourceTree = "<group>";
		};
		29B97323FDCFA39411CA2CEA /* Frameworks */ = {
			isa = PBXGroup;
			children = (
				D6B0611A1803AB670077942B /* CoreMotion.framework */,
				503AE11A17EB9C5A00D1A890 /* IOKit.framework */,
				503AE11117EB99EE00D1A890 /* libcurl.dylib */,
				5087E78A17EB975400C73F5D /* OpenGL.framework */,
				5087E78817EB974C00C73F5D /* AppKit.framework */,
				1ACB3243164770DE00914215 /* libcurl.a */,
				BF170DB412928DE900B8313A /* libz.dylib */,
				D44C620F132DFF4E0009C878 /* AudioToolbox.framework */,
				D44C620D132DFF430009C878 /* AVFoundation.framework */,
				288765A40DF7441C002DB57D /* CoreGraphics.framework */,
				1D30AB110D05D00D00671497 /* Foundation.framework */,
				D44C620B132DFF330009C878 /* OpenAL.framework */,
				BF170DB012928DE900B8313A /* OpenGLES.framework */,
				BF1C47EA1293683800B63C5D /* QuartzCore.framework */,
				1DF5F4DF0D08C38300B7A737 /* UIKit.framework */,
			);
			name = Frameworks;
			sourceTree = "<group>";
		};
		46880B7519C43A67006E1F66 /* Resources */ = {
			isa = PBXGroup;
			children = (
				F7DBDDB81A8EF9FA006DB650 /* height_864 */,
				3EACC98E19EE6D4300EB3C5E /* res */,
				46880B7A19C43A67006E1F66 /* HelloWorld.png */,
			);
			name = Resources;
			path = ../Resources;
			sourceTree = "<group>";
		};
		46880B8319C43A87006E1F66 /* Classes */ = {
			isa = PBXGroup;
			children = (
				46880B8419C43A87006E1F66 /* AppDelegate.cpp */,
				46880B8519C43A87006E1F66 /* AppDelegate.h */,
				95B278AC1A8C1E8800C905AE /* EnemyBase.cpp */,
				95B278AD1A8C1E8800C905AE /* EnemyBase.h */,
				95B278AF1A8C1EA800C905AE /* PlayLayer.cpp */,
				95B278B01A8C1EA800C905AE /* PlayLayer.h */,
				95B278BB1A8C238C00C905AE /* TowerBase.cpp */,
				95B278BC1A8C238C00C905AE /* TowerBase.h */,
				F7DBDDA21A8EEB58006DB650 /* GameManager.h */,
				F7DBDDA51A8EEBBB006DB650 /* GameManager.cpp */,
				F7DBDDA71A8EEC13006DB650 /* TowerPanleLayer.cpp */,
				F7DBDDA81A8EEC13006DB650 /* TowerPanleLayer.h */,
				F7DBDDAA1A8EEE28006DB650 /* Thief.cpp */,
				F7DBDDAB1A8EEE28006DB650 /* Thief.h */,
				F7DBDDAE1A8EEE91006DB650 /* ArrowTower.cpp */,
				F7DBDDAF1A8EEE91006DB650 /* ArrowTower.h */,
				F7DBDDB11A8EEF1C006DB650 /* AttackTower.cpp */,
				F7DBDDB21A8EEF1C006DB650 /* AttackTower.h */,
				F7DBDDB61A8EEF70006DB650 /* MultiDirTower.h */,
				F7DBDDB51A8EEF70006DB650 /* MultiDirTower.cpp */,
				95451EC81AA5241600396C82 /* GroupEnemy.cpp */,
				95451EC91AA5241600396C82 /* GroupEnemy.h */,
				95451ECB1AA529FC00396C82 /* LoadLevelInfo.cpp */,
				95451ECC1AA529FC00396C82 /* LoadLevelInfo.h */,
				954290C91AC627F6003CE0E1 /* FailedScene.cpp */,
				954290CA1AC627F6003CE0E1 /* FailedScene.h */,
				954290CC1AC628B2003CE0E1 /* LevelLayer.cpp */,
				954290CD1AC628B2003CE0E1 /* LevelLayer.h */,
				954290CF1AC62918003CE0E1 /* LevelScene.cpp */,
				954290D01AC62918003CE0E1 /* LevelScene.h */,
				954290D21AC6296E003CE0E1 /* LevelSelectPage.cpp */,
				954290D31AC6296E003CE0E1 /* LevelSelectPage.h */,
				954290D51AC629F6003CE0E1 /* LoadingResScene.cpp */,
				954290D61AC629F6003CE0E1 /* LoadingResScene.h */,
				954290D81AC62A3E003CE0E1 /* SuccessfulScene.cpp */,
				954290D91AC62A3E003CE0E1 /* SuccessfulScene.h */,
				954290DB1AC62A90003CE0E1 /* UIScene.cpp */,
				954290DC1AC62A90003CE0E1 /* UIScene.h */,
				954290DE1AC62AEE003CE0E1 /* LevelInfoScene.cpp */,
				954290DF1AC62AEE003CE0E1 /* LevelInfoScene.h */,
				95C74AA71AD11971002BBD3D /* config.h */,
				95C74AA81AD11FA1002BBD3D /* MyBullet.cpp */,
				95C74AA91AD11FA1002BBD3D /* MyBullet.h */,
				95C74AAB1AD1B4EB002BBD3D /* DeleteOrUpgradePanleLayer.cpp */,
				95C74AAC1AD1B4EB002BBD3D /* DeleteOrUpgradePanleLayer.h */,
			);
			name = Classes;
			path = ../Classes;
			sourceTree = "<group>";
		};
		503AE0F517EB97AB00D1A890 /* Icons */ = {
			isa = PBXGroup;
			children = (
				503AE0F617EB97AB00D1A890 /* Icon.icns */,
				503AE0F717EB97AB00D1A890 /* Info.plist */,
			);
			name = Icons;
			path = mac;
			sourceTree = SOURCE_ROOT;
		};
		503AE10617EB990700D1A890 /* mac */ = {
			isa = PBXGroup;
			children = (
				503AE0F517EB97AB00D1A890 /* Icons */,
				503AE10317EB98FF00D1A890 /* main.cpp */,
				503AE10417EB98FF00D1A890 /* Prefix.pch */,
			);
			name = mac;
			sourceTree = "<group>";
		};
		5087E77117EB970100C73F5D /* Icons */ = {
			isa = PBXGroup;
			children = (
				521A8E6219F0C34300D177D7 /* Default-667h@2x.png */,
				521A8E6319F0C34300D177D7 /* Default-736h@3x.png */,
				5087E77217EB970100C73F5D /* Default-568h@2x.png */,
				5087E77317EB970100C73F5D /* Default.png */,
				5087E77417EB970100C73F5D /* Default@2x.png */,
				50EF62A017ECD613001EB2F8 /* Icon-29.png */,
				50EF62A117ECD613001EB2F8 /* Icon-50.png */,
				50EF629217ECD46A001EB2F8 /* Icon-40.png */,
				50EF629317ECD46A001EB2F8 /* Icon-58.png */,
				50EF629417ECD46A001EB2F8 /* Icon-80.png */,
				50EF629517ECD46A001EB2F8 /* Icon-100.png */,
				5087E77517EB970100C73F5D /* Icon-114.png */,
				5087E77617EB970100C73F5D /* Icon-120.png */,
				5087E77717EB970100C73F5D /* Icon-144.png */,
				5087E77817EB970100C73F5D /* Icon-152.png */,
				5087E77917EB970100C73F5D /* Icon-57.png */,
				5087E77A17EB970100C73F5D /* Icon-72.png */,
				5087E77B17EB970100C73F5D /* Icon-76.png */,
				5087E77C17EB970100C73F5D /* Info.plist */,
			);
			name = Icons;
			path = ios;
			sourceTree = SOURCE_ROOT;
		};
		954291081AC645AD003CE0E1 /* sound */ = {
			isa = PBXGroup;
			children = (
				954291091AC645AD003CE0E1 /* button.wav */,
				9542910A1AC645AD003CE0E1 /* comeout.wav */,
				9542910B1AC645AD003CE0E1 /* dead.mp3 */,
				9542910C1AC645AD003CE0E1 /* dead.wav */,
				9542910D1AC645AD003CE0E1 /* dead1.wav */,
				9542910E1AC645AD003CE0E1 /* enemy0_down.mp3 */,
				9542910F1AC645AD003CE0E1 /* game_music.mp3 */,
				954291101AC645AD003CE0E1 /* music.mp3 */,
				954291111AC645AD003CE0E1 /* shoot.wav */,
				954291121AC645AD003CE0E1 /* tip.wav */,
				954291131AC645AD003CE0E1 /* use_bomb.mp3 */,
			);
			path = sound;
			sourceTree = "<group>";
		};
		F7DBDDB81A8EF9FA006DB650 /* height_864 */ = {
			isa = PBXGroup;
			children = (
				95C74AAE1AD33002002BBD3D /* sell.png */,
				95C74AAF1AD33002002BBD3D /* upload.png */,
				954290E21AC645AD003CE0E1 /* btn_back_press.png */,
				954290E31AC645AD003CE0E1 /* btn_back.png */,
				954290E41AC645AD003CE0E1 /* button.plist */,
				954290E61AC645AD003CE0E1 /* card_1.png */,
				95B1E05F1AC7E23D008F7685 /* bitmapFontChinese.fnt */,
				95B1E0601AC7E23D008F7685 /* bitmapFontChinese.png */,
				95B1E0611AC7E23D008F7685 /* boundsTestFont.fnt */,
				95B1E0621AC7E23E008F7685 /* boundsTestFont.png */,
				95B1E0631AC7E23E008F7685 /* Marker Felt.ttf */,
				954290E71AC645AD003CE0E1 /* card_2.png */,
				954290E81AC645AD003CE0E1 /* card_3.png */,
				954290E91AC645AD003CE0E1 /* changjing.plist */,
				95F43EC61AD7254F00269EFA /* newmap.tmx */,
				957D9EDA1ADC755D00C58C10 /* newMap3.tmx */,
				957D9ED81ADC70F200C58C10 /* newMap2.tmx */,
				954290EB1AC645AD003CE0E1 /* failedBg.jpg */,
				954290F21AC645AD003CE0E1 /* House.png */,
				957D9ED61ADC6D3C00C58C10 /* newMap1.tmx */,
				954290F31AC645AD003CE0E1 /* levelInfo_0.plist */,
				954290F51AC645AD003CE0E1 /* levelInfo_1.plist */,
				954290F61AC645AD003CE0E1 /* levelInfo_2.plist */,
				954290F71AC645AD003CE0E1 /* levelInfo_3.plist */,
				954290F81AC645AD003CE0E1 /* LevelInfoPanel.png */,
				954290F91AC645AD003CE0E1 /* load.png */,
				954290FA1AC645AD003CE0E1 /* loadBar.png */,
				95718BFB1ADE5520009E5582 /* Play.plist */,
				954290FB1AC645AD003CE0E1 /* map.tmx */,
				954290FE1AC645AD003CE0E1 /* particleTexture.png */,
				95E72E091AE8F323001163CE /* play3.png */,
				954290FF1AC645AD003CE0E1 /* Play1.plist */,
				95E72DF91AE8D0C3001163CE /* playbg1.png */,
				954291001AC645AD003CE0E1 /* Play.png */,
				954291011AC645AD003CE0E1 /* playbg.png */,
				954291031AC645AD003CE0E1 /* selectLevelBg.png */,
				954291041AC645AD003CE0E1 /* selectLevelBg1.png */,
				95E72E071AE8F2F1001163CE /* Play3.plist */,
				954291051AC645AD003CE0E1 /* selectLevelBg2.png */,
				954291061AC645AD003CE0E1 /* snow.plist */,
				954291071AC645AD003CE0E1 /* snow.png */,
				954291081AC645AD003CE0E1 /* sound */,
				954291141AC645AD003CE0E1 /* start_1.png */,
				954291151AC645AD003CE0E1 /* start_2.png */,
				954291161AC645AD003CE0E1 /* successfulBg.png */,
				954291181AC645AD003CE0E1 /* tilemap0.tmx */,
				954291191AC645AD003CE0E1 /* tilemap1.tmx */,
				9542911A1AC645AD003CE0E1 /* tilemap3.tmx */,
				9542911B1AC645AD003CE0E1 /* tiles.png */,
				F7DBDDB91A8EF9FA006DB650 /* tilemap0.tmx */,
				F7DBDDBA1A8EF9FA006DB650 /* Play.plist */,
				F7DBDDBB1A8EF9FA006DB650 /* Play.png */,
				F7DBDDBC1A8EF9FA006DB650 /* playbg.png */,
				F7DBDDBD1A8EF9FA006DB650 /* tiles.png */,
			);
			path = height_864;
			sourceTree = "<group>";
		};
/* End PBXGroup section */

/* Begin PBXNativeTarget section */
		1D6058900D05DD3D006BFB54 /* cs526 iOS */ = {
			isa = PBXNativeTarget;
			buildConfigurationList = 1D6058960D05DD3E006BFB54 /* Build configuration list for PBXNativeTarget "cs526 iOS" */;
			buildPhases = (
				1D60588D0D05DD3D006BFB54 /* Resources */,
				1D60588E0D05DD3D006BFB54 /* Sources */,
				1D60588F0D05DD3D006BFB54 /* Frameworks */,
			);
			buildRules = (
			);
			dependencies = (
				1AC6FB25180E99E1004C840B /* PBXTargetDependency */,
			);
			name = "cs526 iOS";
			productName = iphone;
			productReference = 1D6058910D05DD3D006BFB54 /* cs526 iOS.app */;
			productType = "com.apple.product-type.application";
		};
		5087E73D17EB910900C73F5D /* cs526 Mac */ = {
			isa = PBXNativeTarget;
			buildConfigurationList = 5087E76C17EB910900C73F5D /* Build configuration list for PBXNativeTarget "cs526 Mac" */;
			buildPhases = (
				5087E74817EB910900C73F5D /* Resources */,
				5087E75617EB910900C73F5D /* Sources */,
				5087E75C17EB910900C73F5D /* Frameworks */,
			);
			buildRules = (
			);
			dependencies = (
				1AC6FB16180E9959004C840B /* PBXTargetDependency */,
			);
			name = "cs526 Mac";
			productName = iphone;
			productReference = 5087E76F17EB910900C73F5D /* cs526 Mac.app */;
			productType = "com.apple.product-type.application";
		};
/* End PBXNativeTarget section */

/* Begin PBXProject section */
		29B97313FDCFA39411CA2CEA /* Project object */ = {
			isa = PBXProject;
			attributes = {
				LastUpgradeCheck = 0500;
				TargetAttributes = {
					1D6058900D05DD3D006BFB54 = {
						DevelopmentTeam = 5AG56QUQZD;
					};
				};
			};
			buildConfigurationList = C01FCF4E08A954540054247B /* Build configuration list for PBXProject "cs526" */;
			compatibilityVersion = "Xcode 3.2";
			developmentRegion = English;
			hasScannedForEncodings = 1;
			knownRegions = (
				English,
				Japanese,
				French,
				German,
			);
			mainGroup = 29B97314FDCFA39411CA2CEA /* CustomTemplate */;
			projectDirPath = "";
			projectReferences = (
				{
					ProductGroup = 1AC6FAE6180E9839004C840B /* Products */;
					ProjectRef = 1AC6FAE5180E9839004C840B /* cocos2d_libs.xcodeproj */;
				},
			);
			projectRoot = "";
			targets = (
				1D6058900D05DD3D006BFB54 /* cs526 iOS */,
				5087E73D17EB910900C73F5D /* cs526 Mac */,
			);
		};
/* End PBXProject section */

/* Begin PBXReferenceProxy section */
		1AC6FAF9180E9839004C840B /* libcocos2d Mac.a */ = {
			isa = PBXReferenceProxy;
			fileType = archive.ar;
			path = "libcocos2d Mac.a";
			remoteRef = 1AC6FAF8180E9839004C840B /* PBXContainerItemProxy */;
			sourceTree = BUILT_PRODUCTS_DIR;
		};
		1AC6FB07180E9839004C840B /* libcocos2d iOS.a */ = {
			isa = PBXReferenceProxy;
			fileType = archive.ar;
			path = "libcocos2d iOS.a";
			remoteRef = 1AC6FB06180E9839004C840B /* PBXContainerItemProxy */;
			sourceTree = BUILT_PRODUCTS_DIR;
		};
/* End PBXReferenceProxy section */

/* Begin PBXResourcesBuildPhase section */
		1D60588D0D05DD3D006BFB54 /* Resources */ = {
			isa = PBXResourcesBuildPhase;
			buildActionMask = 2147483647;
			files = (
				5087E78117EB970100C73F5D /* Icon-120.png in Resources */,
				F7DBDDC11A8EF9FA006DB650 /* playbg.png in Resources */,
				954291511AC645AD003CE0E1 /* tilemap1.tmx in Resources */,
				5087E78617EB970100C73F5D /* Icon-76.png in Resources */,
				9542913D1AC645AD003CE0E1 /* selectLevelBg1.png in Resources */,
				954291451AC645AD003CE0E1 /* dead1.wav in Resources */,
				95E72DFA1AE8D0C3001163CE /* playbg1.png in Resources */,
				9542911E1AC645AD003CE0E1 /* button.plist in Resources */,
				5087E77F17EB970100C73F5D /* Default@2x.png in Resources */,
				954291231AC645AD003CE0E1 /* changjing.plist in Resources */,
				954291331AC645AD003CE0E1 /* loadBar.png in Resources */,
				954291391AC645AD003CE0E1 /* Play.png in Resources */,
				95B1E0641AC7E23E008F7685 /* bitmapFontChinese.fnt in Resources */,
				9542911D1AC645AD003CE0E1 /* btn_back.png in Resources */,
				9542912B1AC645AD003CE0E1 /* House.png in Resources */,
				954291371AC645AD003CE0E1 /* particleTexture.png in Resources */,
				95F43EC71AD7254F00269EFA /* newmap.tmx in Resources */,
				F7DBDDBF1A8EF9FA006DB650 /* Play.plist in Resources */,
				F7DBDDBE1A8EF9FA006DB650 /* tilemap0.tmx in Resources */,
				9542912C1AC645AD003CE0E1 /* levelInfo_0.plist in Resources */,
				50EF629917ECD46A001EB2F8 /* Icon-100.png in Resources */,
				5087E78317EB970100C73F5D /* Icon-152.png in Resources */,
				9542914B1AC645AD003CE0E1 /* use_bomb.mp3 in Resources */,
				9542914E1AC645AD003CE0E1 /* successfulBg.png in Resources */,
				954291531AC645AD003CE0E1 /* tiles.png in Resources */,
				957D9EDB1ADC755D00C58C10 /* newMap3.tmx in Resources */,
				954291471AC645AD003CE0E1 /* game_music.mp3 in Resources */,
				9542911C1AC645AD003CE0E1 /* btn_back_press.png in Resources */,
				954291491AC645AD003CE0E1 /* shoot.wav in Resources */,
				954291521AC645AD003CE0E1 /* tilemap3.tmx in Resources */,
				957D9ED91ADC70F200C58C10 /* newMap2.tmx in Resources */,
				46880B8119C43A67006E1F66 /* HelloWorld.png in Resources */,
				954291221AC645AD003CE0E1 /* card_3.png in Resources */,
				954291481AC645AD003CE0E1 /* music.mp3 in Resources */,
				5087E77D17EB970100C73F5D /* Default-568h@2x.png in Resources */,
				95E72E081AE8F2F1001163CE /* Play3.plist in Resources */,
				95C74AB01AD33002002BBD3D /* sell.png in Resources */,
				95B1E0661AC7E23E008F7685 /* boundsTestFont.fnt in Resources */,
				954291321AC645AD003CE0E1 /* load.png in Resources */,
				5087E78517EB970100C73F5D /* Icon-72.png in Resources */,
				95B1E0681AC7E23E008F7685 /* Marker Felt.ttf in Resources */,
				9542913C1AC645AD003CE0E1 /* selectLevelBg.png in Resources */,
				954291421AC645AD003CE0E1 /* comeout.wav in Resources */,
				521A8E6519F0C34300D177D7 /* Default-736h@3x.png in Resources */,
				50EF62A317ECD613001EB2F8 /* Icon-50.png in Resources */,
				9542914D1AC645AD003CE0E1 /* start_2.png in Resources */,
				954291431AC645AD003CE0E1 /* dead.mp3 in Resources */,
				954291501AC645AD003CE0E1 /* tilemap0.tmx in Resources */,
				5087E78017EB970100C73F5D /* Icon-114.png in Resources */,
				95C74AB11AD33002002BBD3D /* upload.png in Resources */,
				50EF62A217ECD613001EB2F8 /* Icon-29.png in Resources */,
				9542912E1AC645AD003CE0E1 /* levelInfo_1.plist in Resources */,
				957D9ED71ADC6D3C00C58C10 /* newMap1.tmx in Resources */,
				954291301AC645AD003CE0E1 /* levelInfo_3.plist in Resources */,
				50EF629617ECD46A001EB2F8 /* Icon-40.png in Resources */,
				9542913E1AC645AD003CE0E1 /* selectLevelBg2.png in Resources */,
				954291251AC645AD003CE0E1 /* failedBg.jpg in Resources */,
				5087E78217EB970100C73F5D /* Icon-144.png in Resources */,
				95718BFC1ADE5520009E5582 /* Play.plist in Resources */,
				3EACC98F19EE6D4300EB3C5E /* res in Resources */,
				954291441AC645AD003CE0E1 /* dead.wav in Resources */,
				954291381AC645AD003CE0E1 /* Play1.plist in Resources */,
				95B1E0651AC7E23E008F7685 /* bitmapFontChinese.png in Resources */,
				50EF629817ECD46A001EB2F8 /* Icon-80.png in Resources */,
				954291461AC645AD003CE0E1 /* enemy0_down.mp3 in Resources */,
				9542913A1AC645AD003CE0E1 /* playbg.png in Resources */,
				954291341AC645AD003CE0E1 /* map.tmx in Resources */,
				9542912F1AC645AD003CE0E1 /* levelInfo_2.plist in Resources */,
				9542914A1AC645AD003CE0E1 /* tip.wav in Resources */,
				954291401AC645AD003CE0E1 /* snow.png in Resources */,
				5087E78417EB970100C73F5D /* Icon-57.png in Resources */,
				5087E77E17EB970100C73F5D /* Default.png in Resources */,
				95E72E0A1AE8F323001163CE /* play3.png in Resources */,
				9542913F1AC645AD003CE0E1 /* snow.plist in Resources */,
				521A8E6419F0C34300D177D7 /* Default-667h@2x.png in Resources */,
				954291211AC645AD003CE0E1 /* card_2.png in Resources */,
				F7DBDDC01A8EF9FA006DB650 /* Play.png in Resources */,
				F7DBDDC21A8EF9FA006DB650 /* tiles.png in Resources */,
				9542914C1AC645AD003CE0E1 /* start_1.png in Resources */,
				954291411AC645AD003CE0E1 /* button.wav in Resources */,
				954291311AC645AD003CE0E1 /* LevelInfoPanel.png in Resources */,
				95B1E0671AC7E23E008F7685 /* boundsTestFont.png in Resources */,
				954291201AC645AD003CE0E1 /* card_1.png in Resources */,
				50EF629717ECD46A001EB2F8 /* Icon-58.png in Resources */,
			);
			runOnlyForDeploymentPostprocessing = 0;
		};
		5087E74817EB910900C73F5D /* Resources */ = {
			isa = PBXResourcesBuildPhase;
			buildActionMask = 2147483647;
			files = (
				46880B8219C43A67006E1F66 /* HelloWorld.png in Resources */,
				503AE0F817EB97AB00D1A890 /* Icon.icns in Resources */,
				3EACC99019EE6D4300EB3C5E /* res in Resources */,
			);
			runOnlyForDeploymentPostprocessing = 0;
		};
/* End PBXResourcesBuildPhase section */

/* Begin PBXSourcesBuildPhase section */
		1D60588E0D05DD3D006BFB54 /* Sources */ = {
			isa = PBXSourcesBuildPhase;
			buildActionMask = 2147483647;
			files = (
				95B278AE1A8C1E8800C905AE /* EnemyBase.cpp in Sources */,
				F7DBDDA91A8EEC13006DB650 /* TowerPanleLayer.cpp in Sources */,
				95451ECA1AA5241600396C82 /* GroupEnemy.cpp in Sources */,
				954290CB1AC627F6003CE0E1 /* FailedScene.cpp in Sources */,
				F7DBDDB01A8EEE91006DB650 /* ArrowTower.cpp in Sources */,
				F7DBDDAC1A8EEE28006DB650 /* Thief.cpp in Sources */,
				954290DA1AC62A3E003CE0E1 /* SuccessfulScene.cpp in Sources */,
				F7DBDDB71A8EEF70006DB650 /* MultiDirTower.cpp in Sources */,
				46880B8819C43A87006E1F66 /* AppDelegate.cpp in Sources */,
				F7DBDDB31A8EEF1C006DB650 /* AttackTower.cpp in Sources */,
				954290D41AC6296E003CE0E1 /* LevelSelectPage.cpp in Sources */,
				95C74AAA1AD11FA1002BBD3D /* MyBullet.cpp in Sources */,
				95B278BD1A8C238C00C905AE /* TowerBase.cpp in Sources */,
				954290DD1AC62A90003CE0E1 /* UIScene.cpp in Sources */,
				95C74AAD1AD1B4EB002BBD3D /* DeleteOrUpgradePanleLayer.cpp in Sources */,
				503AE10017EB989F00D1A890 /* AppController.mm in Sources */,
				954290E01AC62AEE003CE0E1 /* LevelInfoScene.cpp in Sources */,
				503AE10217EB989F00D1A890 /* RootViewController.mm in Sources */,
				F7DBDDA61A8EEBBB006DB650 /* GameManager.cpp in Sources */,
				954290D71AC629F6003CE0E1 /* LoadingResScene.cpp in Sources */,
				954290CE1AC628B2003CE0E1 /* LevelLayer.cpp in Sources */,
				503AE10117EB989F00D1A890 /* main.m in Sources */,
				95B278B11A8C1EA800C905AE /* PlayLayer.cpp in Sources */,
				95451ECD1AA529FC00396C82 /* LoadLevelInfo.cpp in Sources */,
				954290D11AC62918003CE0E1 /* LevelScene.cpp in Sources */,
			);
			runOnlyForDeploymentPostprocessing = 0;
		};
		5087E75617EB910900C73F5D /* Sources */ = {
			isa = PBXSourcesBuildPhase;
			buildActionMask = 2147483647;
			files = (
				46880B8919C43A87006E1F66 /* AppDelegate.cpp in Sources */,
				503AE10517EB98FF00D1A890 /* main.cpp in Sources */,
			);
			runOnlyForDeploymentPostprocessing = 0;
		};
/* End PBXSourcesBuildPhase section */

/* Begin PBXTargetDependency section */
		1AC6FB16180E9959004C840B /* PBXTargetDependency */ = {
			isa = PBXTargetDependency;
			name = "cocos2dx Mac";
			targetProxy = 1AC6FB15180E9959004C840B /* PBXContainerItemProxy */;
		};
		1AC6FB25180E99E1004C840B /* PBXTargetDependency */ = {
			isa = PBXTargetDependency;
			name = "cocos2dx iOS";
			targetProxy = 1AC6FB24180E99E1004C840B /* PBXContainerItemProxy */;
		};
/* End PBXTargetDependency section */

/* Begin XCBuildConfiguration section */
		1D6058940D05DD3E006BFB54 /* Debug */ = {
			isa = XCBuildConfiguration;
			buildSettings = {
				ALWAYS_SEARCH_USER_PATHS = YES;
				CODE_SIGN_IDENTITY = "iPhone Developer";
				"CODE_SIGN_IDENTITY[sdk=iphoneos*]" = "iPhone Developer";
				COMPRESS_PNG_FILES = NO;
				GCC_DYNAMIC_NO_PIC = NO;
				GCC_INLINES_ARE_PRIVATE_EXTERN = NO;
				GCC_PRECOMPILE_PREFIX_HEADER = YES;
				GCC_PREFIX_HEADER = ios/Prefix.pch;
				GCC_PREPROCESSOR_DEFINITIONS = (
					USE_FILE32API,
					CC_TARGET_OS_IPHONE,
					"COCOS2D_DEBUG=1",
					"CC_ENABLE_CHIPMUNK_INTEGRATION=1",
				);
				GCC_SYMBOLS_PRIVATE_EXTERN = NO;
				HEADER_SEARCH_PATHS = (
					"$(inherited)",
					"$(SRCROOT)/../cocos2d/cocos/platform/ios",
					"$(SRCROOT)/../cocos2d/cocos/platform/ios/Simulation",
				);
				INFOPLIST_FILE = ios/Info.plist;
				IPHONEOS_DEPLOYMENT_TARGET = 5.0;
				LIBRARY_SEARCH_PATHS = "";
				PROVISIONING_PROFILE = "";
				SDKROOT = iphoneos;
				TARGETED_DEVICE_FAMILY = "1,2";
				USER_HEADER_SEARCH_PATHS = "";
				VALID_ARCHS = "arm64 armv7";
			};
			name = Debug;
		};
		1D6058950D05DD3E006BFB54 /* Release */ = {
			isa = XCBuildConfiguration;
			buildSettings = {
				ALWAYS_SEARCH_USER_PATHS = YES;
				CODE_SIGN_IDENTITY = "iPhone Developer";
				"CODE_SIGN_IDENTITY[sdk=iphoneos*]" = "iPhone Developer";
				COMPRESS_PNG_FILES = NO;
				GCC_INLINES_ARE_PRIVATE_EXTERN = NO;
				GCC_PRECOMPILE_PREFIX_HEADER = YES;
				GCC_PREFIX_HEADER = ios/Prefix.pch;
				GCC_PREPROCESSOR_DEFINITIONS = (
					USE_FILE32API,
					CC_TARGET_OS_IPHONE,
					"CC_ENABLE_CHIPMUNK_INTEGRATION=1",
				);
				GCC_SYMBOLS_PRIVATE_EXTERN = NO;
				HEADER_SEARCH_PATHS = (
					"$(inherited)",
					"$(SRCROOT)/../cocos2d/cocos/platform/ios",
					"$(SRCROOT)/../cocos2d/cocos/platform/ios/Simulation",
				);
				INFOPLIST_FILE = ios/Info.plist;
				IPHONEOS_DEPLOYMENT_TARGET = 5.0;
				LIBRARY_SEARCH_PATHS = "";
				PROVISIONING_PROFILE = "";
				SDKROOT = iphoneos;
				TARGETED_DEVICE_FAMILY = "1,2";
				USER_HEADER_SEARCH_PATHS = "";
				VALID_ARCHS = "arm64 armv7";
			};
			name = Release;
		};
		5087E76D17EB910900C73F5D /* Debug */ = {
			isa = XCBuildConfiguration;
			buildSettings = {
				ALWAYS_SEARCH_USER_PATHS = YES;
				ARCHS = "$(ARCHS_STANDARD_64_BIT)";
				CLANG_CXX_LANGUAGE_STANDARD = "c++0x";
				CLANG_CXX_LIBRARY = "libc++";
				GCC_DYNAMIC_NO_PIC = NO;
				GCC_INLINES_ARE_PRIVATE_EXTERN = NO;
				GCC_PRECOMPILE_PREFIX_HEADER = YES;
				GCC_PREFIX_HEADER = mac/Prefix.pch;
				GCC_PREPROCESSOR_DEFINITIONS = (
					USE_FILE32API,
					CC_TARGET_OS_MAC,
					"COCOS2D_DEBUG=1",
					"CC_ENABLE_CHIPMUNK_INTEGRATION=1",
				);
				GCC_SYMBOLS_PRIVATE_EXTERN = NO;
				HEADER_SEARCH_PATHS = (
					"$(inherited)",
					"$(SRCROOT)/../cocos2d/cocos/platform/mac",
					"$(SRCROOT)/../cocos2d/external/glfw3/include/mac",
				);
				INFOPLIST_FILE = mac/Info.plist;
				LIBRARY_SEARCH_PATHS = "";
				USER_HEADER_SEARCH_PATHS = "";
			};
			name = Debug;
		};
		5087E76E17EB910900C73F5D /* Release */ = {
			isa = XCBuildConfiguration;
			buildSettings = {
				ALWAYS_SEARCH_USER_PATHS = YES;
				ARCHS = "$(ARCHS_STANDARD_64_BIT)";
				CLANG_CXX_LANGUAGE_STANDARD = "c++0x";
				CLANG_CXX_LIBRARY = "libc++";
				GCC_INLINES_ARE_PRIVATE_EXTERN = NO;
				GCC_PRECOMPILE_PREFIX_HEADER = YES;
				GCC_PREFIX_HEADER = mac/Prefix.pch;
				GCC_PREPROCESSOR_DEFINITIONS = (
					USE_FILE32API,
					CC_TARGET_OS_MAC,
					"CC_ENABLE_CHIPMUNK_INTEGRATION=1",
				);
				GCC_SYMBOLS_PRIVATE_EXTERN = NO;
				HEADER_SEARCH_PATHS = (
					"$(inherited)",
					"$(SRCROOT)/../cocos2d/cocos/platform/mac",
					"$(SRCROOT)/../cocos2d/external/glfw3/include/mac",
				);
				INFOPLIST_FILE = mac/Info.plist;
				LIBRARY_SEARCH_PATHS = "";
				USER_HEADER_SEARCH_PATHS = "";
			};
			name = Release;
		};
		C01FCF4F08A954540054247B /* Debug */ = {
			isa = XCBuildConfiguration;
			buildSettings = {
				CLANG_CXX_LANGUAGE_STANDARD = "c++0x";
				CLANG_CXX_LIBRARY = "libc++";
				CODE_SIGN_IDENTITY = "iPhone Developer: Junrui Ruan (GYH8K623X8)";
				COPY_PHASE_STRIP = NO;
				GCC_OPTIMIZATION_LEVEL = 0;
				GCC_WARN_ABOUT_RETURN_TYPE = YES;
				GCC_WARN_UNUSED_VARIABLE = YES;
				HEADER_SEARCH_PATHS = (
					"$(SRCROOT)/../cocos2d",
					"$(SRCROOT)/../cocos2d/cocos",
					"$(SRCROOT)/../cocos2d/cocos/base",
					"$(SRCROOT)/../cocos2d/cocos/physics",
					"$(SRCROOT)/../cocos2d/cocos/math",
					"$(SRCROOT)/../cocos2d/cocos/2d",
					"$(SRCROOT)/../cocos2d/cocos/ui",
					"$(SRCROOT)/../cocos2d/cocos/network",
					"$(SRCROOT)/../cocos2d/cocos/audio/include",
					"$(SRCROOT)/../cocos2d/cocos/editor-support",
					"$(SRCROOT)/../cocos2d/extensions",
					"$(SRCROOT)/../cocos2d/external",
					"$(SRCROOT)/../cocos2d/external/chipmunk/include/chipmunk",
				);
				MACOSX_DEPLOYMENT_TARGET = 10.7;
				ONLY_ACTIVE_ARCH = YES;
				PRODUCT_NAME = "$(TARGET_NAME)";
				SDKROOT = macosx;
			};
			name = Debug;
		};
		C01FCF5008A954540054247B /* Release */ = {
			isa = XCBuildConfiguration;
			buildSettings = {
				CLANG_CXX_LANGUAGE_STANDARD = "c++0x";
				CLANG_CXX_LIBRARY = "libc++";
				CODE_SIGN_IDENTITY = "iPhone Developer: Junrui Ruan (GYH8K623X8)";
				GCC_WARN_ABOUT_RETURN_TYPE = YES;
				GCC_WARN_UNUSED_VARIABLE = YES;
				HEADER_SEARCH_PATHS = (
					"$(SRCROOT)/../cocos2d",
					"$(SRCROOT)/../cocos2d/cocos",
					"$(SRCROOT)/../cocos2d/cocos/base",
					"$(SRCROOT)/../cocos2d/cocos/physics",
					"$(SRCROOT)/../cocos2d/cocos/math",
					"$(SRCROOT)/../cocos2d/cocos/2d",
					"$(SRCROOT)/../cocos2d/cocos/ui",
					"$(SRCROOT)/../cocos2d/cocos/network",
					"$(SRCROOT)/../cocos2d/cocos/audio/include",
					"$(SRCROOT)/../cocos2d/cocos/editor-support",
					"$(SRCROOT)/../cocos2d/extensions",
					"$(SRCROOT)/../cocos2d/external",
					"$(SRCROOT)/../cocos2d/external/chipmunk/include/chipmunk",
				);
				MACOSX_DEPLOYMENT_TARGET = 10.7;
				OTHER_CFLAGS = "-DNS_BLOCK_ASSERTIONS=1";
				PRODUCT_NAME = "$(TARGET_NAME)";
				SDKROOT = macosx;
				VALIDATE_PRODUCT = YES;
			};
			name = Release;
		};
/* End XCBuildConfiguration section */

/* Begin XCConfigurationList section */
		1D6058960D05DD3E006BFB54 /* Build configuration list for PBXNativeTarget "cs526 iOS" */ = {
			isa = XCConfigurationList;
			buildConfigurations = (
				1D6058940D05DD3E006BFB54 /* Debug */,
				1D6058950D05DD3E006BFB54 /* Release */,
			);
			defaultConfigurationIsVisible = 0;
			defaultConfigurationName = Debug;
		};
		5087E76C17EB910900C73F5D /* Build configuration list for PBXNativeTarget "cs526 Mac" */ = {
			isa = XCConfigurationList;
			buildConfigurations = (
				5087E76D17EB910900C73F5D /* Debug */,
				5087E76E17EB910900C73F5D /* Release */,
			);
			defaultConfigurationIsVisible = 0;
			defaultConfigurationName = Debug;
		};
		C01FCF4E08A954540054247B /* Build configuration list for PBXProject "cs526" */ = {
			isa = XCConfigurationList;
			buildConfigurations = (
				C01FCF4F08A954540054247B /* Debug */,
				C01FCF5008A954540054247B /* Release */,
			);
			defaultConfigurationIsVisible = 0;
			defaultConfigurationName = Debug;
		};
/* End XCConfigurationList section */
	};
	rootObject = 29B97313FDCFA39411CA2CEA /* Project object */;
}
